// !$*UTF8*$!
{
	archiveVersion = 1;
	classes = {
	};
	objectVersion = 60;
	objects = {

/* Begin PBXBuildFile section */
		6600D2F52ABAE2DA005E7EAF /* CategoryModel.swift in Sources */ = {isa = PBXBuildFile; fileRef = 6600D2F42ABAE2DA005E7EAF /* CategoryModel.swift */; };
		6605441A2AE9352800124946 /* OnboardingVC.swift in Sources */ = {isa = PBXBuildFile; fileRef = 660544192AE9352800124946 /* OnboardingVC.swift */; };
		6605441D2AE9356200124946 /* UIOnboarding in Frameworks */ = {isa = PBXBuildFile; productRef = 6605441C2AE9356200124946 /* UIOnboarding */; };
		6605441F2AE935A000124946 /* UIOnboardingHelper.swift in Sources */ = {isa = PBXBuildFile; fileRef = 6605441E2AE935A000124946 /* UIOnboardingHelper.swift */; };
		6606D2402ABDA2A700CC503A /* DetailRecipeViewModel.swift in Sources */ = {isa = PBXBuildFile; fileRef = 6606D23F2ABDA2A700CC503A /* DetailRecipeViewModel.swift */; };
		6606D2432ABDD3DD00CC503A /* SettingsVC.swift in Sources */ = {isa = PBXBuildFile; fileRef = 6606D2422ABDD3DD00CC503A /* SettingsVC.swift */; };
		660C755F2B1878E900C587BC /* RecipeManagerTest.swift in Sources */ = {isa = PBXBuildFile; fileRef = 660C755E2B1878E900C587BC /* RecipeManagerTest.swift */; };
		6614B96F2AF3FC6600823C95 /* DetailRecipeBuilder.swift in Sources */ = {isa = PBXBuildFile; fileRef = 6614B96E2AF3FC6600823C95 /* DetailRecipeBuilder.swift */; };
		662AEE042AFE4B61003E3F69 /* AccountViewController.swift in Sources */ = {isa = PBXBuildFile; fileRef = 662AEE032AFE4B61003E3F69 /* AccountViewController.swift */; };
		662AEE062AFE4B6D003E3F69 /* AccountViewModel.swift in Sources */ = {isa = PBXBuildFile; fileRef = 662AEE052AFE4B6D003E3F69 /* AccountViewModel.swift */; };
		662AEE082AFE4C11003E3F69 /* AccountTableViewCell.swift in Sources */ = {isa = PBXBuildFile; fileRef = 662AEE072AFE4C11003E3F69 /* AccountTableViewCell.swift */; };
		662AEE0A2AFE5030003E3F69 /* UserManager.swift in Sources */ = {isa = PBXBuildFile; fileRef = 662AEE092AFE5030003E3F69 /* UserManager.swift */; };
		662C7F512B1CC3C40025DCC1 /* TabBarController.swift in Sources */ = {isa = PBXBuildFile; fileRef = 662C7F502B1CC3C40025DCC1 /* TabBarController.swift */; };
		662C7F532B1CD9C00025DCC1 /* Storyboard.storyboard in Resources */ = {isa = PBXBuildFile; fileRef = 662C7F522B1CD9C00025DCC1 /* Storyboard.storyboard */; };
		663112D62B01FB8D00940DDC /* KeychainManager.swift in Sources */ = {isa = PBXBuildFile; fileRef = 663112D52B01FB8D00940DDC /* KeychainManager.swift */; };
		663424DF2ADE75F1004419AB /* StoreKit.framework in Frameworks */ = {isa = PBXBuildFile; fileRef = 663424DE2ADE75F1004419AB /* StoreKit.framework */; };
		663A4AD12B11F2D9003FE35C /* Montserrat-VariableFont_wght.ttf in Resources */ = {isa = PBXBuildFile; fileRef = 663A4AD02B11F2D9003FE35C /* Montserrat-VariableFont_wght.ttf */; };
		663E58E22AC5D4AA003C6D3B /* PremiumTableViewCell.swift in Sources */ = {isa = PBXBuildFile; fileRef = 663E58E12AC5D4AA003C6D3B /* PremiumTableViewCell.swift */; };
		6648FE292AB46BC000FD11CD /* HomeViewModel.swift in Sources */ = {isa = PBXBuildFile; fileRef = 6648FE282AB46BC000FD11CD /* HomeViewModel.swift */; };
		6648FE2B2AB46C8B00FD11CD /* SavedRecipesManager.swift in Sources */ = {isa = PBXBuildFile; fileRef = 6648FE2A2AB46C8B00FD11CD /* SavedRecipesManager.swift */; };
		6648FE2D2AB46D1400FD11CD /* Recipe.swift in Sources */ = {isa = PBXBuildFile; fileRef = 6648FE2C2AB46D1400FD11CD /* Recipe.swift */; };
		66521D3B2AE55934009FA144 /* PremiumViewModel.swift in Sources */ = {isa = PBXBuildFile; fileRef = 66521D3A2AE55934009FA144 /* PremiumViewModel.swift */; };
		6654E4BE2AF2718F0070C944 /* SkeletonView in Frameworks */ = {isa = PBXBuildFile; productRef = 6654E4BD2AF2718F0070C944 /* SkeletonView */; };
		66551D5B2AC431EC006BEBDE /* ThemeColors.swift in Sources */ = {isa = PBXBuildFile; fileRef = 66551D5A2AC431EC006BEBDE /* ThemeColors.swift */; };
		6655C7C62AB47EB700692F56 /* User.swift in Sources */ = {isa = PBXBuildFile; fileRef = 6655C7C52AB47EB700692F56 /* User.swift */; };
		6655C7C82AB480ED00692F56 /* RecipeCell.swift in Sources */ = {isa = PBXBuildFile; fileRef = 6655C7C72AB480ED00692F56 /* RecipeCell.swift */; };
		665D78562AF1107200F83B13 /* SplashScreenVC.swift in Sources */ = {isa = PBXBuildFile; fileRef = 665D78552AF1107200F83B13 /* SplashScreenVC.swift */; };
		665F4ADB2AF6604E000385ED /* OpenSans-VariableFont_wdth,wght.ttf in Resources */ = {isa = PBXBuildFile; fileRef = 665F4AD92AF6604D000385ED /* OpenSans-VariableFont_wdth,wght.ttf */; };
		665F4ADC2AF6604E000385ED /* OpenSans-Italic-VariableFont_wdth,wght.ttf in Resources */ = {isa = PBXBuildFile; fileRef = 665F4ADA2AF6604E000385ED /* OpenSans-Italic-VariableFont_wdth,wght.ttf */; };
		665F4ADE2AF682EC000385ED /* ThemeFont.swift in Sources */ = {isa = PBXBuildFile; fileRef = 665F4ADD2AF682EC000385ED /* ThemeFont.swift */; };
		6665B7BD2AC3062F004A4892 /* SettingsViewModel.swift in Sources */ = {isa = PBXBuildFile; fileRef = 6665B7BC2AC3062F004A4892 /* SettingsViewModel.swift */; };
		6665B7BF2AC30C54004A4892 /* SettingsTableViewCell.swift in Sources */ = {isa = PBXBuildFile; fileRef = 6665B7BE2AC30C54004A4892 /* SettingsTableViewCell.swift */; };
		667CD8382AC395DD00540C48 /* PremiumVC.swift in Sources */ = {isa = PBXBuildFile; fileRef = 667CD8372AC395DD00540C48 /* PremiumVC.swift */; };
		66861AC12AB1949400C44018 /* Extensions.swift in Sources */ = {isa = PBXBuildFile; fileRef = 66861AC02AB1949400C44018 /* Extensions.swift */; };
		668909B62B8DFDBA00B75679 /* CapsuleButton.swift in Sources */ = {isa = PBXBuildFile; fileRef = 668909B52B8DFDBA00B75679 /* CapsuleButton.swift */; };
		668909B82B8E23E000B75679 /* Array+Ext.swift in Sources */ = {isa = PBXBuildFile; fileRef = 668909B72B8E23E000B75679 /* Array+Ext.swift */; };
		668909BA2B8E242000B75679 /* UIView+Ext.swift in Sources */ = {isa = PBXBuildFile; fileRef = 668909B92B8E242000B75679 /* UIView+Ext.swift */; };
		668909BC2B8E244100B75679 /* UIImage+Ext.swift in Sources */ = {isa = PBXBuildFile; fileRef = 668909BB2B8E244100B75679 /* UIImage+Ext.swift */; };
		668909C02B8E248200B75679 /* AlertVC.swift in Sources */ = {isa = PBXBuildFile; fileRef = 668909BF2B8E248200B75679 /* AlertVC.swift */; };
		668909C22B8E248C00B75679 /* DataLoadingVC.swift in Sources */ = {isa = PBXBuildFile; fileRef = 668909C12B8E248C00B75679 /* DataLoadingVC.swift */; };
		668909C52B8E250200B75679 /* EmptyStateView.swift in Sources */ = {isa = PBXBuildFile; fileRef = 668909C42B8E250200B75679 /* EmptyStateView.swift */; };
		668909C82B8E253100B75679 /* TitleLabel.swift in Sources */ = {isa = PBXBuildFile; fileRef = 668909C72B8E253100B75679 /* TitleLabel.swift */; };
		668909CA2B8E257900B75679 /* BodyLabel.swift in Sources */ = {isa = PBXBuildFile; fileRef = 668909C92B8E257900B75679 /* BodyLabel.swift */; };
		668909CC2B8E258C00B75679 /* SecondaryTitleLabel.swift in Sources */ = {isa = PBXBuildFile; fileRef = 668909CB2B8E258C00B75679 /* SecondaryTitleLabel.swift */; };
		668909CE2B8E25B400B75679 /* CustomButton.swift in Sources */ = {isa = PBXBuildFile; fileRef = 668909CD2B8E25B400B75679 /* CustomButton.swift */; };
		668909D02B8E25E600B75679 /* AlertContainerView.swift in Sources */ = {isa = PBXBuildFile; fileRef = 668909CF2B8E25E600B75679 /* AlertContainerView.swift */; };
		668909D22B8E265600B75679 /* Date+Ext.swift in Sources */ = {isa = PBXBuildFile; fileRef = 668909D12B8E265600B75679 /* Date+Ext.swift */; };
		668909D42B8E270000B75679 /* UIColor+Ext.swift in Sources */ = {isa = PBXBuildFile; fileRef = 668909D32B8E270000B75679 /* UIColor+Ext.swift */; };
		668909D72B8E2F1200B75679 /* CategoryButtonCell.swift in Sources */ = {isa = PBXBuildFile; fileRef = 668909D62B8E2F1200B75679 /* CategoryButtonCell.swift */; };
		668909D92B8E2F5100B75679 /* UIButton+Ext.swift in Sources */ = {isa = PBXBuildFile; fileRef = 668909D82B8E2F5100B75679 /* UIButton+Ext.swift */; };
		66891BBC2AB9E8CE002A3F68 /* SelectCategoryVC.swift in Sources */ = {isa = PBXBuildFile; fileRef = 66891BBB2AB9E8CE002A3F68 /* SelectCategoryVC.swift */; };
		66891BBE2AB9E8DB002A3F68 /* SelectCategoryViewModel.swift in Sources */ = {isa = PBXBuildFile; fileRef = 66891BBD2AB9E8DB002A3F68 /* SelectCategoryViewModel.swift */; };
		66990E4A2AAFD3E200C6A45D /* Icons.swift in Sources */ = {isa = PBXBuildFile; fileRef = 66990E492AAFD3E200C6A45D /* Icons.swift */; };
		66990E4F2AAFD40F00C6A45D /* LocaleKeys.swift in Sources */ = {isa = PBXBuildFile; fileRef = 66990E4E2AAFD40F00C6A45D /* LocaleKeys.swift */; };
		669CD2632B1DFCC700A8CE65 /* ImageToTextManager.swift in Sources */ = {isa = PBXBuildFile; fileRef = 669CD2622B1DFCC700A8CE65 /* ImageToTextManager.swift */; };
		669CD2652B1DFD4500A8CE65 /* ImageToTextModel.swift in Sources */ = {isa = PBXBuildFile; fileRef = 669CD2642B1DFD4500A8CE65 /* ImageToTextModel.swift */; };
		669EE85B2AF9380400D0E72B /* Localizable.strings in Resources */ = {isa = PBXBuildFile; fileRef = 669EE85D2AF9380400D0E72B /* Localizable.strings */; };
		66A39ECF2AB265BA005ED414 /* ShowFoodViewModel.swift in Sources */ = {isa = PBXBuildFile; fileRef = 66A39ECE2AB265BA005ED414 /* ShowFoodViewModel.swift */; };
		66A39ED32AB26827005ED414 /* Constants.swift in Sources */ = {isa = PBXBuildFile; fileRef = 66A39ED22AB26827005ED414 /* Constants.swift */; };
		66AA7A3C2AEAA64900279137 /* RevenueCat in Frameworks */ = {isa = PBXBuildFile; productRef = 66AA7A3B2AEAA64900279137 /* RevenueCat */; };
		66AA7A3F2AEAA66600279137 /* OpenAISwift in Frameworks */ = {isa = PBXBuildFile; productRef = 66AA7A3E2AEAA66600279137 /* OpenAISwift */; };
		66AA7A422AEAA66E00279137 /* OpenAIKit in Frameworks */ = {isa = PBXBuildFile; productRef = 66AA7A412AEAA66E00279137 /* OpenAIKit */; };
		66AA7A452AEAA67700279137 /* Alamofire in Frameworks */ = {isa = PBXBuildFile; productRef = 66AA7A442AEAA67700279137 /* Alamofire */; };
		66AA7A482AEAA6F800279137 /* FirebaseAnalytics in Frameworks */ = {isa = PBXBuildFile; productRef = 66AA7A472AEAA6F800279137 /* FirebaseAnalytics */; };
		66AA7A4A2AEAA6F800279137 /* FirebaseAnalyticsSwift in Frameworks */ = {isa = PBXBuildFile; productRef = 66AA7A492AEAA6F800279137 /* FirebaseAnalyticsSwift */; };
		66AA7A4C2AEAA6F800279137 /* FirebaseAppCheck in Frameworks */ = {isa = PBXBuildFile; productRef = 66AA7A4B2AEAA6F800279137 /* FirebaseAppCheck */; };
		66AA7A4E2AEAA6F800279137 /* FirebaseAuth in Frameworks */ = {isa = PBXBuildFile; productRef = 66AA7A4D2AEAA6F800279137 /* FirebaseAuth */; };
		66AA7A502AEAA6F800279137 /* FirebaseAuthCombine-Community in Frameworks */ = {isa = PBXBuildFile; productRef = 66AA7A4F2AEAA6F800279137 /* FirebaseAuthCombine-Community */; };
		66AA7A522AEAA6F800279137 /* FirebaseCrashlytics in Frameworks */ = {isa = PBXBuildFile; productRef = 66AA7A512AEAA6F800279137 /* FirebaseCrashlytics */; };
		66AA7A542AEAA6F800279137 /* FirebaseDatabase in Frameworks */ = {isa = PBXBuildFile; productRef = 66AA7A532AEAA6F800279137 /* FirebaseDatabase */; };
		66AA7A562AEAA6F800279137 /* FirebaseDatabaseSwift in Frameworks */ = {isa = PBXBuildFile; productRef = 66AA7A552AEAA6F800279137 /* FirebaseDatabaseSwift */; };
		66AA7A582AEAA6F800279137 /* FirebaseFirestore in Frameworks */ = {isa = PBXBuildFile; productRef = 66AA7A572AEAA6F800279137 /* FirebaseFirestore */; };
		66AA7A5A2AEAA6F800279137 /* FirebaseFirestoreSwift in Frameworks */ = {isa = PBXBuildFile; productRef = 66AA7A592AEAA6F800279137 /* FirebaseFirestoreSwift */; };
		66AA7A5C2AEAA6F800279137 /* FirebaseFunctions in Frameworks */ = {isa = PBXBuildFile; productRef = 66AA7A5B2AEAA6F800279137 /* FirebaseFunctions */; };
		66AA7A5E2AEAA6F800279137 /* FirebaseInAppMessaging-Beta in Frameworks */ = {isa = PBXBuildFile; productRef = 66AA7A5D2AEAA6F800279137 /* FirebaseInAppMessaging-Beta */; };
		66AA7A602AEAA6F800279137 /* FirebaseMessaging in Frameworks */ = {isa = PBXBuildFile; productRef = 66AA7A5F2AEAA6F800279137 /* FirebaseMessaging */; };
		66AA7A622AEAA6F800279137 /* FirebasePerformance in Frameworks */ = {isa = PBXBuildFile; productRef = 66AA7A612AEAA6F800279137 /* FirebasePerformance */; };
		66AA7A642AEAA6F800279137 /* FirebaseRemoteConfig in Frameworks */ = {isa = PBXBuildFile; productRef = 66AA7A632AEAA6F800279137 /* FirebaseRemoteConfig */; };
		66AA7A662AEAA6F800279137 /* FirebaseRemoteConfigSwift in Frameworks */ = {isa = PBXBuildFile; productRef = 66AA7A652AEAA6F800279137 /* FirebaseRemoteConfigSwift */; };
		66AA7A682AEAA6F800279137 /* FirebaseStorage in Frameworks */ = {isa = PBXBuildFile; productRef = 66AA7A672AEAA6F800279137 /* FirebaseStorage */; };
		66BEA4992AB04E270046491C /* GoogleService-Info.plist in Resources */ = {isa = PBXBuildFile; fileRef = 66BEA4982AB04E270046491C /* GoogleService-Info.plist */; };
		66BED8112AAF48E300D5664B /* AppDelegate.swift in Sources */ = {isa = PBXBuildFile; fileRef = 66BED8102AAF48E300D5664B /* AppDelegate.swift */; };
		66BED8132AAF48E300D5664B /* SceneDelegate.swift in Sources */ = {isa = PBXBuildFile; fileRef = 66BED8122AAF48E300D5664B /* SceneDelegate.swift */; };
		66BED81A2AAF48E400D5664B /* Assets.xcassets in Resources */ = {isa = PBXBuildFile; fileRef = 66BED8192AAF48E400D5664B /* Assets.xcassets */; };
		66BED8282AAF48E400D5664B /* WhichFoodTests.swift in Sources */ = {isa = PBXBuildFile; fileRef = 66BED8272AAF48E400D5664B /* WhichFoodTests.swift */; };
		66BED8322AAF48E400D5664B /* WhichFoodUITests.swift in Sources */ = {isa = PBXBuildFile; fileRef = 66BED8312AAF48E400D5664B /* WhichFoodUITests.swift */; };
		66BED8342AAF48E400D5664B /* WhichFoodUITestsLaunchTests.swift in Sources */ = {isa = PBXBuildFile; fileRef = 66BED8332AAF48E400D5664B /* WhichFoodUITestsLaunchTests.swift */; };
		66BED8422AAF499500D5664B /* HomeViewController.swift in Sources */ = {isa = PBXBuildFile; fileRef = 66BED8412AAF499500D5664B /* HomeViewController.swift */; };
		66C42B502B1E7DC600BE3FF0 /* ImageToTextVC.swift in Sources */ = {isa = PBXBuildFile; fileRef = 66C42B4F2B1E7DC600BE3FF0 /* ImageToTextVC.swift */; };
		66C42B522B1E7E0200BE3FF0 /* ImageToTextViewModel.swift in Sources */ = {isa = PBXBuildFile; fileRef = 66C42B512B1E7E0200BE3FF0 /* ImageToTextViewModel.swift */; };
		66CEA75C2B0A1C0A00237C13 /* ChatGptResponseModel.swift in Sources */ = {isa = PBXBuildFile; fileRef = 66CEA75B2B0A1C0A00237C13 /* ChatGptResponseModel.swift */; };
		66D327CB2B0617D300330C03 /* FontSize.swift in Sources */ = {isa = PBXBuildFile; fileRef = 66D327CA2B0617D300330C03 /* FontSize.swift */; };
		66DDD3462AFF8190006A3256 /* SplashViewModel.swift in Sources */ = {isa = PBXBuildFile; fileRef = 66DDD3452AFF8190006A3256 /* SplashViewModel.swift */; };
		66EB5A972AF4EFCA00E1E749 /* ThemeMode.swift in Sources */ = {isa = PBXBuildFile; fileRef = 66EB5A962AF4EFCA00E1E749 /* ThemeMode.swift */; };
		66FAFE682AB0594500ACB118 /* SelectFoodViewController.swift in Sources */ = {isa = PBXBuildFile; fileRef = 66FAFE672AB0594500ACB118 /* SelectFoodViewController.swift */; };
		66FAFE6A2AB0677800ACB118 /* Foods.swift in Sources */ = {isa = PBXBuildFile; fileRef = 66FAFE692AB0677800ACB118 /* Foods.swift */; };
		66FAFE6C2AB0757500ACB118 /* CustomCell.swift in Sources */ = {isa = PBXBuildFile; fileRef = 66FAFE6B2AB0757500ACB118 /* CustomCell.swift */; };
		66FAFE6F2AB0886C00ACB118 /* ShowFoodVC.swift in Sources */ = {isa = PBXBuildFile; fileRef = 66FAFE6E2AB0886C00ACB118 /* ShowFoodVC.swift */; };
		66FAFE712AB08C8F00ACB118 /* SelectFoodViewModel.swift in Sources */ = {isa = PBXBuildFile; fileRef = 66FAFE702AB08C8F00ACB118 /* SelectFoodViewModel.swift */; };
		66FDC52F2AB6014A00DD8027 /* DetailRecipeVC.swift in Sources */ = {isa = PBXBuildFile; fileRef = 66FDC52E2AB6014A00DD8027 /* DetailRecipeVC.swift */; };
/* End PBXBuildFile section */

/* Begin PBXContainerItemProxy section */
		66BED8242AAF48E400D5664B /* PBXContainerItemProxy */ = {
			isa = PBXContainerItemProxy;
			containerPortal = 66BED8052AAF48E300D5664B /* Project object */;
			proxyType = 1;
			remoteGlobalIDString = 66BED80C2AAF48E300D5664B;
			remoteInfo = WhichFood;
		};
		66BED82E2AAF48E400D5664B /* PBXContainerItemProxy */ = {
			isa = PBXContainerItemProxy;
			containerPortal = 66BED8052AAF48E300D5664B /* Project object */;
			proxyType = 1;
			remoteGlobalIDString = 66BED80C2AAF48E300D5664B;
			remoteInfo = WhichFood;
		};
/* End PBXContainerItemProxy section */

/* Begin PBXFileReference section */
		6600D2F42ABAE2DA005E7EAF /* CategoryModel.swift */ = {isa = PBXFileReference; lastKnownFileType = sourcecode.swift; path = CategoryModel.swift; sourceTree = "<group>"; };
		660544192AE9352800124946 /* OnboardingVC.swift */ = {isa = PBXFileReference; lastKnownFileType = sourcecode.swift; path = OnboardingVC.swift; sourceTree = "<group>"; };
		6605441E2AE935A000124946 /* UIOnboardingHelper.swift */ = {isa = PBXFileReference; lastKnownFileType = sourcecode.swift; path = UIOnboardingHelper.swift; sourceTree = "<group>"; };
		6606D23F2ABDA2A700CC503A /* DetailRecipeViewModel.swift */ = {isa = PBXFileReference; lastKnownFileType = sourcecode.swift; path = DetailRecipeViewModel.swift; sourceTree = "<group>"; };
		6606D2422ABDD3DD00CC503A /* SettingsVC.swift */ = {isa = PBXFileReference; lastKnownFileType = sourcecode.swift; path = SettingsVC.swift; sourceTree = "<group>"; };
		660C755E2B1878E900C587BC /* RecipeManagerTest.swift */ = {isa = PBXFileReference; lastKnownFileType = sourcecode.swift; path = RecipeManagerTest.swift; sourceTree = "<group>"; };
		661306962AFA21E900942A82 /* es */ = {isa = PBXFileReference; lastKnownFileType = text.plist.strings; name = es; path = es.lproj/Localizable.strings; sourceTree = "<group>"; };
		661306972AFA220000942A82 /* fr */ = {isa = PBXFileReference; lastKnownFileType = text.plist.strings; name = fr; path = fr.lproj/Localizable.strings; sourceTree = "<group>"; };
		661306982AFA220800942A82 /* ru */ = {isa = PBXFileReference; lastKnownFileType = text.plist.strings; name = ru; path = ru.lproj/Localizable.strings; sourceTree = "<group>"; };
		6614B96E2AF3FC6600823C95 /* DetailRecipeBuilder.swift */ = {isa = PBXFileReference; lastKnownFileType = sourcecode.swift; path = DetailRecipeBuilder.swift; sourceTree = "<group>"; };
		661DD5642B14C14400EBFD77 /* WhichFood.entitlements */ = {isa = PBXFileReference; lastKnownFileType = text.plist.entitlements; path = WhichFood.entitlements; sourceTree = "<group>"; };
		662AEE032AFE4B61003E3F69 /* AccountViewController.swift */ = {isa = PBXFileReference; lastKnownFileType = sourcecode.swift; path = AccountViewController.swift; sourceTree = "<group>"; };
		662AEE052AFE4B6D003E3F69 /* AccountViewModel.swift */ = {isa = PBXFileReference; lastKnownFileType = sourcecode.swift; path = AccountViewModel.swift; sourceTree = "<group>"; };
		662AEE072AFE4C11003E3F69 /* AccountTableViewCell.swift */ = {isa = PBXFileReference; lastKnownFileType = sourcecode.swift; path = AccountTableViewCell.swift; sourceTree = "<group>"; };
		662AEE092AFE5030003E3F69 /* UserManager.swift */ = {isa = PBXFileReference; lastKnownFileType = sourcecode.swift; path = UserManager.swift; sourceTree = "<group>"; };
		662C7F502B1CC3C40025DCC1 /* TabBarController.swift */ = {isa = PBXFileReference; lastKnownFileType = sourcecode.swift; path = TabBarController.swift; sourceTree = "<group>"; };
		662C7F522B1CD9C00025DCC1 /* Storyboard.storyboard */ = {isa = PBXFileReference; lastKnownFileType = file.storyboard; path = Storyboard.storyboard; sourceTree = "<group>"; };
		663112D52B01FB8D00940DDC /* KeychainManager.swift */ = {isa = PBXFileReference; lastKnownFileType = sourcecode.swift; path = KeychainManager.swift; sourceTree = "<group>"; };
		663424DE2ADE75F1004419AB /* StoreKit.framework */ = {isa = PBXFileReference; lastKnownFileType = wrapper.framework; name = StoreKit.framework; path = System/Library/Frameworks/StoreKit.framework; sourceTree = SDKROOT; };
		663A4AD02B11F2D9003FE35C /* Montserrat-VariableFont_wght.ttf */ = {isa = PBXFileReference; lastKnownFileType = file; path = "Montserrat-VariableFont_wght.ttf"; sourceTree = "<group>"; };
		663E58E12AC5D4AA003C6D3B /* PremiumTableViewCell.swift */ = {isa = PBXFileReference; lastKnownFileType = sourcecode.swift; path = PremiumTableViewCell.swift; sourceTree = "<group>"; };
		6648FE282AB46BC000FD11CD /* HomeViewModel.swift */ = {isa = PBXFileReference; lastKnownFileType = sourcecode.swift; path = HomeViewModel.swift; sourceTree = "<group>"; };
		6648FE2A2AB46C8B00FD11CD /* SavedRecipesManager.swift */ = {isa = PBXFileReference; lastKnownFileType = sourcecode.swift; path = SavedRecipesManager.swift; sourceTree = "<group>"; };
		6648FE2C2AB46D1400FD11CD /* Recipe.swift */ = {isa = PBXFileReference; lastKnownFileType = sourcecode.swift; path = Recipe.swift; sourceTree = "<group>"; };
		66521D3A2AE55934009FA144 /* PremiumViewModel.swift */ = {isa = PBXFileReference; lastKnownFileType = sourcecode.swift; path = PremiumViewModel.swift; sourceTree = "<group>"; };
		66551D5A2AC431EC006BEBDE /* ThemeColors.swift */ = {isa = PBXFileReference; lastKnownFileType = sourcecode.swift; path = ThemeColors.swift; sourceTree = "<group>"; };
		6655C7C52AB47EB700692F56 /* User.swift */ = {isa = PBXFileReference; lastKnownFileType = sourcecode.swift; path = User.swift; sourceTree = "<group>"; };
		6655C7C72AB480ED00692F56 /* RecipeCell.swift */ = {isa = PBXFileReference; lastKnownFileType = sourcecode.swift; path = RecipeCell.swift; sourceTree = "<group>"; };
		665D78552AF1107200F83B13 /* SplashScreenVC.swift */ = {isa = PBXFileReference; lastKnownFileType = sourcecode.swift; path = SplashScreenVC.swift; sourceTree = "<group>"; };
		665F4AD92AF6604D000385ED /* OpenSans-VariableFont_wdth,wght.ttf */ = {isa = PBXFileReference; lastKnownFileType = file; path = "OpenSans-VariableFont_wdth,wght.ttf"; sourceTree = "<group>"; };
		665F4ADA2AF6604E000385ED /* OpenSans-Italic-VariableFont_wdth,wght.ttf */ = {isa = PBXFileReference; lastKnownFileType = file; path = "OpenSans-Italic-VariableFont_wdth,wght.ttf"; sourceTree = "<group>"; };
		665F4ADD2AF682EC000385ED /* ThemeFont.swift */ = {isa = PBXFileReference; lastKnownFileType = sourcecode.swift; path = ThemeFont.swift; sourceTree = "<group>"; };
		6665B7BC2AC3062F004A4892 /* SettingsViewModel.swift */ = {isa = PBXFileReference; lastKnownFileType = sourcecode.swift; path = SettingsViewModel.swift; sourceTree = "<group>"; };
		6665B7BE2AC30C54004A4892 /* SettingsTableViewCell.swift */ = {isa = PBXFileReference; lastKnownFileType = sourcecode.swift; path = SettingsTableViewCell.swift; sourceTree = "<group>"; };
		667CD8372AC395DD00540C48 /* PremiumVC.swift */ = {isa = PBXFileReference; lastKnownFileType = sourcecode.swift; path = PremiumVC.swift; sourceTree = "<group>"; };
		66861AC02AB1949400C44018 /* Extensions.swift */ = {isa = PBXFileReference; lastKnownFileType = sourcecode.swift; path = Extensions.swift; sourceTree = "<group>"; };
		668909B52B8DFDBA00B75679 /* CapsuleButton.swift */ = {isa = PBXFileReference; lastKnownFileType = sourcecode.swift; path = CapsuleButton.swift; sourceTree = "<group>"; };
		668909B72B8E23E000B75679 /* Array+Ext.swift */ = {isa = PBXFileReference; lastKnownFileType = sourcecode.swift; path = "Array+Ext.swift"; sourceTree = "<group>"; };
		668909B92B8E242000B75679 /* UIView+Ext.swift */ = {isa = PBXFileReference; lastKnownFileType = sourcecode.swift; path = "UIView+Ext.swift"; sourceTree = "<group>"; };
		668909BB2B8E244100B75679 /* UIImage+Ext.swift */ = {isa = PBXFileReference; lastKnownFileType = sourcecode.swift; path = "UIImage+Ext.swift"; sourceTree = "<group>"; };
		668909BF2B8E248200B75679 /* AlertVC.swift */ = {isa = PBXFileReference; lastKnownFileType = sourcecode.swift; path = AlertVC.swift; sourceTree = "<group>"; };
		668909C12B8E248C00B75679 /* DataLoadingVC.swift */ = {isa = PBXFileReference; lastKnownFileType = sourcecode.swift; path = DataLoadingVC.swift; sourceTree = "<group>"; };
		668909C42B8E250200B75679 /* EmptyStateView.swift */ = {isa = PBXFileReference; lastKnownFileType = sourcecode.swift; path = EmptyStateView.swift; sourceTree = "<group>"; };
		668909C72B8E253100B75679 /* TitleLabel.swift */ = {isa = PBXFileReference; lastKnownFileType = sourcecode.swift; path = TitleLabel.swift; sourceTree = "<group>"; };
		668909C92B8E257900B75679 /* BodyLabel.swift */ = {isa = PBXFileReference; lastKnownFileType = sourcecode.swift; path = BodyLabel.swift; sourceTree = "<group>"; };
		668909CB2B8E258C00B75679 /* SecondaryTitleLabel.swift */ = {isa = PBXFileReference; lastKnownFileType = sourcecode.swift; path = SecondaryTitleLabel.swift; sourceTree = "<group>"; };
		668909CD2B8E25B400B75679 /* CustomButton.swift */ = {isa = PBXFileReference; lastKnownFileType = sourcecode.swift; path = CustomButton.swift; sourceTree = "<group>"; };
		668909CF2B8E25E600B75679 /* AlertContainerView.swift */ = {isa = PBXFileReference; lastKnownFileType = sourcecode.swift; path = AlertContainerView.swift; sourceTree = "<group>"; };
		668909D12B8E265600B75679 /* Date+Ext.swift */ = {isa = PBXFileReference; lastKnownFileType = sourcecode.swift; path = "Date+Ext.swift"; sourceTree = "<group>"; };
		668909D32B8E270000B75679 /* UIColor+Ext.swift */ = {isa = PBXFileReference; lastKnownFileType = sourcecode.swift; path = "UIColor+Ext.swift"; sourceTree = "<group>"; };
		668909D62B8E2F1200B75679 /* CategoryButtonCell.swift */ = {isa = PBXFileReference; lastKnownFileType = sourcecode.swift; path = CategoryButtonCell.swift; sourceTree = "<group>"; };
		668909D82B8E2F5100B75679 /* UIButton+Ext.swift */ = {isa = PBXFileReference; lastKnownFileType = sourcecode.swift; path = "UIButton+Ext.swift"; sourceTree = "<group>"; };
		66891BBB2AB9E8CE002A3F68 /* SelectCategoryVC.swift */ = {isa = PBXFileReference; lastKnownFileType = sourcecode.swift; path = SelectCategoryVC.swift; sourceTree = "<group>"; };
		66891BBD2AB9E8DB002A3F68 /* SelectCategoryViewModel.swift */ = {isa = PBXFileReference; lastKnownFileType = sourcecode.swift; path = SelectCategoryViewModel.swift; sourceTree = "<group>"; };
		66990E492AAFD3E200C6A45D /* Icons.swift */ = {isa = PBXFileReference; lastKnownFileType = sourcecode.swift; path = Icons.swift; sourceTree = "<group>"; };
		66990E4E2AAFD40F00C6A45D /* LocaleKeys.swift */ = {isa = PBXFileReference; lastKnownFileType = sourcecode.swift; path = LocaleKeys.swift; sourceTree = "<group>"; };
		669CD2622B1DFCC700A8CE65 /* ImageToTextManager.swift */ = {isa = PBXFileReference; lastKnownFileType = sourcecode.swift; path = ImageToTextManager.swift; sourceTree = "<group>"; };
		669CD2642B1DFD4500A8CE65 /* ImageToTextModel.swift */ = {isa = PBXFileReference; lastKnownFileType = sourcecode.swift; path = ImageToTextModel.swift; sourceTree = "<group>"; };
		669EE85C2AF9380400D0E72B /* en */ = {isa = PBXFileReference; lastKnownFileType = text.plist.strings; name = en; path = en.lproj/Localizable.strings; sourceTree = "<group>"; };
		669EE85E2AF9386800D0E72B /* cs */ = {isa = PBXFileReference; lastKnownFileType = text.plist.strings; name = cs; path = cs.lproj/Localizable.strings; sourceTree = "<group>"; };
		669EE8602AF938A400D0E72B /* it */ = {isa = PBXFileReference; lastKnownFileType = text.plist.strings; name = it; path = it.lproj/Localizable.strings; sourceTree = "<group>"; };
		669EE8622AF9392800D0E72B /* tr */ = {isa = PBXFileReference; lastKnownFileType = text.plist.strings; name = tr; path = tr.lproj/Localizable.strings; sourceTree = "<group>"; };
		669EE8672AF93A7100D0E72B /* de */ = {isa = PBXFileReference; lastKnownFileType = text.plist.strings; name = de; path = de.lproj/Localizable.strings; sourceTree = "<group>"; };
		66A39ECE2AB265BA005ED414 /* ShowFoodViewModel.swift */ = {isa = PBXFileReference; lastKnownFileType = sourcecode.swift; path = ShowFoodViewModel.swift; sourceTree = "<group>"; };
		66A39ED22AB26827005ED414 /* Constants.swift */ = {isa = PBXFileReference; lastKnownFileType = sourcecode.swift; path = Constants.swift; sourceTree = "<group>"; };
		66BEA4982AB04E270046491C /* GoogleService-Info.plist */ = {isa = PBXFileReference; fileEncoding = 4; lastKnownFileType = text.plist.xml; path = "GoogleService-Info.plist"; sourceTree = "<group>"; };
		66BED80D2AAF48E300D5664B /* WhichFood.app */ = {isa = PBXFileReference; explicitFileType = wrapper.application; includeInIndex = 0; path = WhichFood.app; sourceTree = BUILT_PRODUCTS_DIR; };
		66BED8102AAF48E300D5664B /* AppDelegate.swift */ = {isa = PBXFileReference; lastKnownFileType = sourcecode.swift; path = AppDelegate.swift; sourceTree = "<group>"; };
		66BED8122AAF48E300D5664B /* SceneDelegate.swift */ = {isa = PBXFileReference; lastKnownFileType = sourcecode.swift; path = SceneDelegate.swift; sourceTree = "<group>"; };
		66BED8192AAF48E400D5664B /* Assets.xcassets */ = {isa = PBXFileReference; lastKnownFileType = folder.assetcatalog; path = Assets.xcassets; sourceTree = "<group>"; };
		66BED81E2AAF48E400D5664B /* Info.plist */ = {isa = PBXFileReference; lastKnownFileType = text.plist.xml; path = Info.plist; sourceTree = "<group>"; };
		66BED8232AAF48E400D5664B /* WhichFoodTests.xctest */ = {isa = PBXFileReference; explicitFileType = wrapper.cfbundle; includeInIndex = 0; path = WhichFoodTests.xctest; sourceTree = BUILT_PRODUCTS_DIR; };
		66BED8272AAF48E400D5664B /* WhichFoodTests.swift */ = {isa = PBXFileReference; lastKnownFileType = sourcecode.swift; path = WhichFoodTests.swift; sourceTree = "<group>"; };
		66BED82D2AAF48E400D5664B /* WhichFoodUITests.xctest */ = {isa = PBXFileReference; explicitFileType = wrapper.cfbundle; includeInIndex = 0; path = WhichFoodUITests.xctest; sourceTree = BUILT_PRODUCTS_DIR; };
		66BED8312AAF48E400D5664B /* WhichFoodUITests.swift */ = {isa = PBXFileReference; lastKnownFileType = sourcecode.swift; path = WhichFoodUITests.swift; sourceTree = "<group>"; };
		66BED8332AAF48E400D5664B /* WhichFoodUITestsLaunchTests.swift */ = {isa = PBXFileReference; lastKnownFileType = sourcecode.swift; path = WhichFoodUITestsLaunchTests.swift; sourceTree = "<group>"; };
		66BED8412AAF499500D5664B /* HomeViewController.swift */ = {isa = PBXFileReference; lastKnownFileType = sourcecode.swift; path = HomeViewController.swift; sourceTree = "<group>"; };
		66C42B4F2B1E7DC600BE3FF0 /* ImageToTextVC.swift */ = {isa = PBXFileReference; lastKnownFileType = sourcecode.swift; path = ImageToTextVC.swift; sourceTree = "<group>"; };
		66C42B512B1E7E0200BE3FF0 /* ImageToTextViewModel.swift */ = {isa = PBXFileReference; lastKnownFileType = sourcecode.swift; path = ImageToTextViewModel.swift; sourceTree = "<group>"; };
		66CE44FC2B476C7F0006881C /* ar */ = {isa = PBXFileReference; lastKnownFileType = text.plist.strings; name = ar; path = ar.lproj/Localizable.strings; sourceTree = "<group>"; };
		66CE44FD2B476CB00006881C /* fa-IR */ = {isa = PBXFileReference; lastKnownFileType = text.plist.strings; name = "fa-IR"; path = "fa-IR.lproj/Localizable.strings"; sourceTree = "<group>"; };
		66CEA75B2B0A1C0A00237C13 /* ChatGptResponseModel.swift */ = {isa = PBXFileReference; lastKnownFileType = sourcecode.swift; path = ChatGptResponseModel.swift; sourceTree = "<group>"; };
		66D327CA2B0617D300330C03 /* FontSize.swift */ = {isa = PBXFileReference; lastKnownFileType = sourcecode.swift; path = FontSize.swift; sourceTree = "<group>"; };
		66DDD3452AFF8190006A3256 /* SplashViewModel.swift */ = {isa = PBXFileReference; lastKnownFileType = sourcecode.swift; path = SplashViewModel.swift; sourceTree = "<group>"; };
		66EB5A962AF4EFCA00E1E749 /* ThemeMode.swift */ = {isa = PBXFileReference; lastKnownFileType = sourcecode.swift; path = ThemeMode.swift; sourceTree = "<group>"; };
		66FAFE672AB0594500ACB118 /* SelectFoodViewController.swift */ = {isa = PBXFileReference; lastKnownFileType = sourcecode.swift; path = SelectFoodViewController.swift; sourceTree = "<group>"; };
		66FAFE692AB0677800ACB118 /* Foods.swift */ = {isa = PBXFileReference; lastKnownFileType = sourcecode.swift; path = Foods.swift; sourceTree = "<group>"; };
		66FAFE6B2AB0757500ACB118 /* CustomCell.swift */ = {isa = PBXFileReference; lastKnownFileType = sourcecode.swift; path = CustomCell.swift; sourceTree = "<group>"; };
		66FAFE6E2AB0886C00ACB118 /* ShowFoodVC.swift */ = {isa = PBXFileReference; lastKnownFileType = sourcecode.swift; path = ShowFoodVC.swift; sourceTree = "<group>"; };
		66FAFE702AB08C8F00ACB118 /* SelectFoodViewModel.swift */ = {isa = PBXFileReference; lastKnownFileType = sourcecode.swift; path = SelectFoodViewModel.swift; sourceTree = "<group>"; };
		66FDC52E2AB6014A00DD8027 /* DetailRecipeVC.swift */ = {isa = PBXFileReference; lastKnownFileType = sourcecode.swift; path = DetailRecipeVC.swift; sourceTree = "<group>"; };
/* End PBXFileReference section */

/* Begin PBXFrameworksBuildPhase section */
		66BED80A2AAF48E300D5664B /* Frameworks */ = {
			isa = PBXFrameworksBuildPhase;
			buildActionMask = 2147483647;
			files = (
				66AA7A5C2AEAA6F800279137 /* FirebaseFunctions in Frameworks */,
				66AA7A562AEAA6F800279137 /* FirebaseDatabaseSwift in Frameworks */,
				66AA7A622AEAA6F800279137 /* FirebasePerformance in Frameworks */,
				66AA7A642AEAA6F800279137 /* FirebaseRemoteConfig in Frameworks */,
				6654E4BE2AF2718F0070C944 /* SkeletonView in Frameworks */,
				66AA7A542AEAA6F800279137 /* FirebaseDatabase in Frameworks */,
				66AA7A662AEAA6F800279137 /* FirebaseRemoteConfigSwift in Frameworks */,
				66AA7A482AEAA6F800279137 /* FirebaseAnalytics in Frameworks */,
				66AA7A4E2AEAA6F800279137 /* FirebaseAuth in Frameworks */,
				66AA7A3F2AEAA66600279137 /* OpenAISwift in Frameworks */,
				6605441D2AE9356200124946 /* UIOnboarding in Frameworks */,
				66AA7A422AEAA66E00279137 /* OpenAIKit in Frameworks */,
				66AA7A682AEAA6F800279137 /* FirebaseStorage in Frameworks */,
				66AA7A602AEAA6F800279137 /* FirebaseMessaging in Frameworks */,
				66AA7A5A2AEAA6F800279137 /* FirebaseFirestoreSwift in Frameworks */,
				66AA7A4A2AEAA6F800279137 /* FirebaseAnalyticsSwift in Frameworks */,
				66AA7A582AEAA6F800279137 /* FirebaseFirestore in Frameworks */,
				66AA7A5E2AEAA6F800279137 /* FirebaseInAppMessaging-Beta in Frameworks */,
				66AA7A502AEAA6F800279137 /* FirebaseAuthCombine-Community in Frameworks */,
				66AA7A452AEAA67700279137 /* Alamofire in Frameworks */,
				663424DF2ADE75F1004419AB /* StoreKit.framework in Frameworks */,
				66AA7A522AEAA6F800279137 /* FirebaseCrashlytics in Frameworks */,
				66AA7A4C2AEAA6F800279137 /* FirebaseAppCheck in Frameworks */,
				66AA7A3C2AEAA64900279137 /* RevenueCat in Frameworks */,
			);
			runOnlyForDeploymentPostprocessing = 0;
		};
		66BED8202AAF48E400D5664B /* Frameworks */ = {
			isa = PBXFrameworksBuildPhase;
			buildActionMask = 2147483647;
			files = (
			);
			runOnlyForDeploymentPostprocessing = 0;
		};
		66BED82A2AAF48E400D5664B /* Frameworks */ = {
			isa = PBXFrameworksBuildPhase;
			buildActionMask = 2147483647;
			files = (
			);
			runOnlyForDeploymentPostprocessing = 0;
		};
/* End PBXFrameworksBuildPhase section */

/* Begin PBXGroup section */
		660544182AE9350A00124946 /* Onboarding */ = {
			isa = PBXGroup;
			children = (
				660544192AE9352800124946 /* OnboardingVC.swift */,
				6605441E2AE935A000124946 /* UIOnboardingHelper.swift */,
			);
			path = Onboarding;
			sourceTree = "<group>";
		};
		6606D2412ABDD3C900CC503A /* Settings */ = {
			isa = PBXGroup;
			children = (
				6606D2422ABDD3DD00CC503A /* SettingsVC.swift */,
				6665B7BC2AC3062F004A4892 /* SettingsViewModel.swift */,
				6665B7BE2AC30C54004A4892 /* SettingsTableViewCell.swift */,
			);
			path = Settings;
			sourceTree = "<group>";
		};
		662AEE022AFE4B43003E3F69 /* Account */ = {
			isa = PBXGroup;
			children = (
				662AEE032AFE4B61003E3F69 /* AccountViewController.swift */,
				662AEE052AFE4B6D003E3F69 /* AccountViewModel.swift */,
				662AEE072AFE4C11003E3F69 /* AccountTableViewCell.swift */,
			);
			path = Account;
			sourceTree = "<group>";
		};
		662C7F4F2B1CC3AA0025DCC1 /* TabBar */ = {
			isa = PBXGroup;
			children = (
				662C7F502B1CC3C40025DCC1 /* TabBarController.swift */,
				662C7F522B1CD9C00025DCC1 /* Storyboard.storyboard */,
			);
			path = TabBar;
			sourceTree = "<group>";
		};
		665D78542AF1105E00F83B13 /* Splash */ = {
			isa = PBXGroup;
			children = (
				665D78552AF1107200F83B13 /* SplashScreenVC.swift */,
				66DDD3452AFF8190006A3256 /* SplashViewModel.swift */,
			);
			path = Splash;
			sourceTree = "<group>";
		};
		665F4AD82AF66027000385ED /* Font */ = {
			isa = PBXGroup;
			children = (
				663A4AD02B11F2D9003FE35C /* Montserrat-VariableFont_wght.ttf */,
				665F4ADA2AF6604E000385ED /* OpenSans-Italic-VariableFont_wdth,wght.ttf */,
				665F4AD92AF6604D000385ED /* OpenSans-VariableFont_wdth,wght.ttf */,
				665F4ADD2AF682EC000385ED /* ThemeFont.swift */,
				66D327CA2B0617D300330C03 /* FontSize.swift */,
			);
			path = Font;
			sourceTree = "<group>";
		};
		667CD8362AC395B500540C48 /* Paywall */ = {
			isa = PBXGroup;
			children = (
				667CD8372AC395DD00540C48 /* PremiumVC.swift */,
				66521D3A2AE55934009FA144 /* PremiumViewModel.swift */,
				663E58E12AC5D4AA003C6D3B /* PremiumTableViewCell.swift */,
			);
			path = Paywall;
			sourceTree = "<group>";
		};
		66861ABF2AB1948800C44018 /* Extensions */ = {
			isa = PBXGroup;
			children = (
				66861AC02AB1949400C44018 /* Extensions.swift */,
				66EB5A962AF4EFCA00E1E749 /* ThemeMode.swift */,
				668909B72B8E23E000B75679 /* Array+Ext.swift */,
				668909B92B8E242000B75679 /* UIView+Ext.swift */,
				668909BB2B8E244100B75679 /* UIImage+Ext.swift */,
				668909D12B8E265600B75679 /* Date+Ext.swift */,
				668909D32B8E270000B75679 /* UIColor+Ext.swift */,
				668909D82B8E2F5100B75679 /* UIButton+Ext.swift */,
			);
			path = Extensions;
			sourceTree = "<group>";
		};
		668909B42B8DFDAB00B75679 /* CustomViews */ = {
			isa = PBXGroup;
			children = (
				668909D52B8E2E2900B75679 /* Cells */,
				668909C62B8E252800B75679 /* Labels */,
				668909C32B8E24F400B75679 /* Views */,
				668909BE2B8E247700B75679 /* View Controllers */,
				668909BD2B8E246E00B75679 /* Buttons */,
			);
			path = CustomViews;
			sourceTree = "<group>";
		};
		668909BD2B8E246E00B75679 /* Buttons */ = {
			isa = PBXGroup;
			children = (
				668909B52B8DFDBA00B75679 /* CapsuleButton.swift */,
				668909CD2B8E25B400B75679 /* CustomButton.swift */,
			);
			path = Buttons;
			sourceTree = "<group>";
		};
		668909BE2B8E247700B75679 /* View Controllers */ = {
			isa = PBXGroup;
			children = (
				668909BF2B8E248200B75679 /* AlertVC.swift */,
				668909C12B8E248C00B75679 /* DataLoadingVC.swift */,
			);
			path = "View Controllers";
			sourceTree = "<group>";
		};
		668909C32B8E24F400B75679 /* Views */ = {
			isa = PBXGroup;
			children = (
				668909C42B8E250200B75679 /* EmptyStateView.swift */,
				668909CF2B8E25E600B75679 /* AlertContainerView.swift */,
			);
			path = Views;
			sourceTree = "<group>";
		};
		668909C62B8E252800B75679 /* Labels */ = {
			isa = PBXGroup;
			children = (
				668909C72B8E253100B75679 /* TitleLabel.swift */,
				668909C92B8E257900B75679 /* BodyLabel.swift */,
				668909CB2B8E258C00B75679 /* SecondaryTitleLabel.swift */,
			);
			path = Labels;
			sourceTree = "<group>";
		};
		668909D52B8E2E2900B75679 /* Cells */ = {
			isa = PBXGroup;
			children = (
				668909D62B8E2F1200B75679 /* CategoryButtonCell.swift */,
			);
			path = Cells;
			sourceTree = "<group>";
		};
		66891BBA2AB9E8AF002A3F68 /* SelectCategory */ = {
			isa = PBXGroup;
			children = (
				66891BBB2AB9E8CE002A3F68 /* SelectCategoryVC.swift */,
				66891BBD2AB9E8DB002A3F68 /* SelectCategoryViewModel.swift */,
				6600D2F42ABAE2DA005E7EAF /* CategoryModel.swift */,
			);
			path = SelectCategory;
			sourceTree = "<group>";
		};
		66990E482AAFD3D000C6A45D /* Enums */ = {
			isa = PBXGroup;
			children = (
				66990E492AAFD3E200C6A45D /* Icons.swift */,
			);
			path = Enums;
			sourceTree = "<group>";
		};
		66990E4B2AAFD3EB00C6A45D /* Model */ = {
			isa = PBXGroup;
			children = (
				66FAFE692AB0677800ACB118 /* Foods.swift */,
				6648FE2C2AB46D1400FD11CD /* Recipe.swift */,
				6655C7C52AB47EB700692F56 /* User.swift */,
				669CD2642B1DFD4500A8CE65 /* ImageToTextModel.swift */,
			);
			path = Model;
			sourceTree = "<group>";
		};
		66990E4C2AAFD3F900C6A45D /* Utils */ = {
			isa = PBXGroup;
			children = (
				665F4AD82AF66027000385ED /* Font */,
				66990E4D2AAFD3FE00C6A45D /* Locale */,
				66A39ED22AB26827005ED414 /* Constants.swift */,
				66551D5A2AC431EC006BEBDE /* ThemeColors.swift */,
			);
			path = Utils;
			sourceTree = "<group>";
		};
		66990E4D2AAFD3FE00C6A45D /* Locale */ = {
			isa = PBXGroup;
			children = (
				66B673102AF9115A00C57181 /* Languages */,
				66990E4E2AAFD40F00C6A45D /* LocaleKeys.swift */,
			);
			path = Locale;
			sourceTree = "<group>";
		};
		66990E522AAFD42D00C6A45D /* Service */ = {
			isa = PBXGroup;
			children = (
				6648FE2A2AB46C8B00FD11CD /* SavedRecipesManager.swift */,
				662AEE092AFE5030003E3F69 /* UserManager.swift */,
				663112D52B01FB8D00940DDC /* KeychainManager.swift */,
				669CD2622B1DFCC700A8CE65 /* ImageToTextManager.swift */,
			);
			path = Service;
			sourceTree = "<group>";
		};
		66990E532AAFD43700C6A45D /* App */ = {
			isa = PBXGroup;
			children = (
				66BED8102AAF48E300D5664B /* AppDelegate.swift */,
				66BED8122AAF48E300D5664B /* SceneDelegate.swift */,
			);
			path = App;
			sourceTree = "<group>";
		};
		66B673102AF9115A00C57181 /* Languages */ = {
			isa = PBXGroup;
			children = (
				669EE85D2AF9380400D0E72B /* Localizable.strings */,
			);
			path = Languages;
			sourceTree = "<group>";
		};
		66BED8042AAF48E300D5664B = {
			isa = PBXGroup;
			children = (
				66BED80F2AAF48E300D5664B /* WhichFood */,
				66BED8262AAF48E400D5664B /* WhichFoodTests */,
				66BED8302AAF48E400D5664B /* WhichFoodUITests */,
				66BED80E2AAF48E300D5664B /* Products */,
				7300FF6DB429F9DB2B5A6AB8 /* Frameworks */,
			);
			sourceTree = "<group>";
		};
		66BED80E2AAF48E300D5664B /* Products */ = {
			isa = PBXGroup;
			children = (
				66BED80D2AAF48E300D5664B /* WhichFood.app */,
				66BED8232AAF48E400D5664B /* WhichFoodTests.xctest */,
				66BED82D2AAF48E400D5664B /* WhichFoodUITests.xctest */,
			);
			name = Products;
			sourceTree = "<group>";
		};
		66BED80F2AAF48E300D5664B /* WhichFood */ = {
			isa = PBXGroup;
			children = (
				661DD5642B14C14400EBFD77 /* WhichFood.entitlements */,
				66BEA4982AB04E270046491C /* GoogleService-Info.plist */,
				66990E532AAFD43700C6A45D /* App */,
				66990E522AAFD42D00C6A45D /* Service */,
				66990E4C2AAFD3F900C6A45D /* Utils */,
				66861ABF2AB1948800C44018 /* Extensions */,
				66990E4B2AAFD3EB00C6A45D /* Model */,
				66990E482AAFD3D000C6A45D /* Enums */,
				668909B42B8DFDAB00B75679 /* CustomViews */,
				66BED8402AAF495B00D5664B /* Features */,
				66BED8192AAF48E400D5664B /* Assets.xcassets */,
				66BED81E2AAF48E400D5664B /* Info.plist */,
			);
			path = WhichFood;
			sourceTree = "<group>";
		};
		66BED8262AAF48E400D5664B /* WhichFoodTests */ = {
			isa = PBXGroup;
			children = (
				66BED8272AAF48E400D5664B /* WhichFoodTests.swift */,
				660C755E2B1878E900C587BC /* RecipeManagerTest.swift */,
			);
			path = WhichFoodTests;
			sourceTree = "<group>";
		};
		66BED8302AAF48E400D5664B /* WhichFoodUITests */ = {
			isa = PBXGroup;
			children = (
				66BED8312AAF48E400D5664B /* WhichFoodUITests.swift */,
				66BED8332AAF48E400D5664B /* WhichFoodUITestsLaunchTests.swift */,
			);
			path = WhichFoodUITests;
			sourceTree = "<group>";
		};
		66BED8402AAF495B00D5664B /* Features */ = {
			isa = PBXGroup;
			children = (
				66C42B4C2B1E7D7D00BE3FF0 /* ImageToText */,
				662C7F4F2B1CC3AA0025DCC1 /* TabBar */,
				662AEE022AFE4B43003E3F69 /* Account */,
				665D78542AF1105E00F83B13 /* Splash */,
				660544182AE9350A00124946 /* Onboarding */,
				667CD8362AC395B500540C48 /* Paywall */,
				6606D2412ABDD3C900CC503A /* Settings */,
				66891BBA2AB9E8AF002A3F68 /* SelectCategory */,
				66FDC52D2AB6012500DD8027 /* DetailRecipe */,
				66FAFE6D2AB0885400ACB118 /* ShowFood */,
				66FAFE662AB0593600ACB118 /* SelectFood */,
				66BED8432AAF499900D5664B /* Home */,
			);
			path = Features;
			sourceTree = "<group>";
		};
		66BED8432AAF499900D5664B /* Home */ = {
			isa = PBXGroup;
			children = (
				66BED8412AAF499500D5664B /* HomeViewController.swift */,
				6648FE282AB46BC000FD11CD /* HomeViewModel.swift */,
				6655C7C72AB480ED00692F56 /* RecipeCell.swift */,
			);
			path = Home;
			sourceTree = "<group>";
		};
		66C42B4C2B1E7D7D00BE3FF0 /* ImageToText */ = {
			isa = PBXGroup;
			children = (
				66C42B4F2B1E7DC600BE3FF0 /* ImageToTextVC.swift */,
				66C42B512B1E7E0200BE3FF0 /* ImageToTextViewModel.swift */,
			);
			path = ImageToText;
			sourceTree = "<group>";
		};
		66FAFE662AB0593600ACB118 /* SelectFood */ = {
			isa = PBXGroup;
			children = (
				66FAFE672AB0594500ACB118 /* SelectFoodViewController.swift */,
				66FAFE6B2AB0757500ACB118 /* CustomCell.swift */,
				66FAFE702AB08C8F00ACB118 /* SelectFoodViewModel.swift */,
			);
			path = SelectFood;
			sourceTree = "<group>";
		};
		66FAFE6D2AB0885400ACB118 /* ShowFood */ = {
			isa = PBXGroup;
			children = (
				66FAFE6E2AB0886C00ACB118 /* ShowFoodVC.swift */,
				66A39ECE2AB265BA005ED414 /* ShowFoodViewModel.swift */,
				66CEA75B2B0A1C0A00237C13 /* ChatGptResponseModel.swift */,
			);
			path = ShowFood;
			sourceTree = "<group>";
		};
		66FDC52D2AB6012500DD8027 /* DetailRecipe */ = {
			isa = PBXGroup;
			children = (
				66FDC52E2AB6014A00DD8027 /* DetailRecipeVC.swift */,
				6606D23F2ABDA2A700CC503A /* DetailRecipeViewModel.swift */,
				6614B96E2AF3FC6600823C95 /* DetailRecipeBuilder.swift */,
			);
			path = DetailRecipe;
			sourceTree = "<group>";
		};
		7300FF6DB429F9DB2B5A6AB8 /* Frameworks */ = {
			isa = PBXGroup;
			children = (
				663424DE2ADE75F1004419AB /* StoreKit.framework */,
			);
			name = Frameworks;
			sourceTree = "<group>";
		};
/* End PBXGroup section */

/* Begin PBXNativeTarget section */
		66BED80C2AAF48E300D5664B /* WhichFood */ = {
			isa = PBXNativeTarget;
			buildConfigurationList = 66BED8372AAF48E400D5664B /* Build configuration list for PBXNativeTarget "WhichFood" */;
			buildPhases = (
				66BED8092AAF48E300D5664B /* Sources */,
				66BED80A2AAF48E300D5664B /* Frameworks */,
				66BED80B2AAF48E300D5664B /* Resources */,
			);
			buildRules = (
			);
			dependencies = (
			);
			name = WhichFood;
			packageProductDependencies = (
				6605441C2AE9356200124946 /* UIOnboarding */,
				66AA7A3B2AEAA64900279137 /* RevenueCat */,
				66AA7A3E2AEAA66600279137 /* OpenAISwift */,
				66AA7A412AEAA66E00279137 /* OpenAIKit */,
				66AA7A442AEAA67700279137 /* Alamofire */,
				66AA7A472AEAA6F800279137 /* FirebaseAnalytics */,
				66AA7A492AEAA6F800279137 /* FirebaseAnalyticsSwift */,
				66AA7A4B2AEAA6F800279137 /* FirebaseAppCheck */,
				66AA7A4D2AEAA6F800279137 /* FirebaseAuth */,
				66AA7A4F2AEAA6F800279137 /* FirebaseAuthCombine-Community */,
				66AA7A512AEAA6F800279137 /* FirebaseCrashlytics */,
				66AA7A532AEAA6F800279137 /* FirebaseDatabase */,
				66AA7A552AEAA6F800279137 /* FirebaseDatabaseSwift */,
				66AA7A572AEAA6F800279137 /* FirebaseFirestore */,
				66AA7A592AEAA6F800279137 /* FirebaseFirestoreSwift */,
				66AA7A5B2AEAA6F800279137 /* FirebaseFunctions */,
				66AA7A5D2AEAA6F800279137 /* FirebaseInAppMessaging-Beta */,
				66AA7A5F2AEAA6F800279137 /* FirebaseMessaging */,
				66AA7A612AEAA6F800279137 /* FirebasePerformance */,
				66AA7A632AEAA6F800279137 /* FirebaseRemoteConfig */,
				66AA7A652AEAA6F800279137 /* FirebaseRemoteConfigSwift */,
				66AA7A672AEAA6F800279137 /* FirebaseStorage */,
				6654E4BD2AF2718F0070C944 /* SkeletonView */,
			);
			productName = WhichFood;
			productReference = 66BED80D2AAF48E300D5664B /* WhichFood.app */;
			productType = "com.apple.product-type.application";
		};
		66BED8222AAF48E400D5664B /* WhichFoodTests */ = {
			isa = PBXNativeTarget;
			buildConfigurationList = 66BED83A2AAF48E400D5664B /* Build configuration list for PBXNativeTarget "WhichFoodTests" */;
			buildPhases = (
				66BED81F2AAF48E400D5664B /* Sources */,
				66BED8202AAF48E400D5664B /* Frameworks */,
				66BED8212AAF48E400D5664B /* Resources */,
			);
			buildRules = (
			);
			dependencies = (
				66BED8252AAF48E400D5664B /* PBXTargetDependency */,
			);
			name = WhichFoodTests;
			productName = WhichFoodTests;
			productReference = 66BED8232AAF48E400D5664B /* WhichFoodTests.xctest */;
			productType = "com.apple.product-type.bundle.unit-test";
		};
		66BED82C2AAF48E400D5664B /* WhichFoodUITests */ = {
			isa = PBXNativeTarget;
			buildConfigurationList = 66BED83D2AAF48E400D5664B /* Build configuration list for PBXNativeTarget "WhichFoodUITests" */;
			buildPhases = (
				66BED8292AAF48E400D5664B /* Sources */,
				66BED82A2AAF48E400D5664B /* Frameworks */,
				66BED82B2AAF48E400D5664B /* Resources */,
			);
			buildRules = (
			);
			dependencies = (
				66BED82F2AAF48E400D5664B /* PBXTargetDependency */,
			);
			name = WhichFoodUITests;
			productName = WhichFoodUITests;
			productReference = 66BED82D2AAF48E400D5664B /* WhichFoodUITests.xctest */;
			productType = "com.apple.product-type.bundle.ui-testing";
		};
/* End PBXNativeTarget section */

/* Begin PBXProject section */
		66BED8052AAF48E300D5664B /* Project object */ = {
			isa = PBXProject;
			attributes = {
				BuildIndependentTargetsInParallel = 1;
				LastSwiftUpdateCheck = 1500;
				LastUpgradeCheck = 1500;
				TargetAttributes = {
					66BED80C2AAF48E300D5664B = {
						CreatedOnToolsVersion = 15.0;
					};
					66BED8222AAF48E400D5664B = {
						CreatedOnToolsVersion = 15.0;
						TestTargetID = 66BED80C2AAF48E300D5664B;
					};
					66BED82C2AAF48E400D5664B = {
						CreatedOnToolsVersion = 15.0;
						TestTargetID = 66BED80C2AAF48E300D5664B;
					};
				};
			};
			buildConfigurationList = 66BED8082AAF48E300D5664B /* Build configuration list for PBXProject "WhichFood" */;
			compatibilityVersion = "Xcode 15.0";
			developmentRegion = en;
			hasScannedForEncodings = 0;
			knownRegions = (
				en,
				cs,
				it,
				tr,
				de,
				es,
				fr,
				ru,
				Base,
				ar,
				"fa-IR",
			);
			mainGroup = 66BED8042AAF48E300D5664B;
			packageReferences = (
				6605441B2AE9356200124946 /* XCRemoteSwiftPackageReference "UIOnboarding" */,
				66AA7A3A2AEAA64900279137 /* XCRemoteSwiftPackageReference "purchases-ios" */,
				66AA7A3D2AEAA66600279137 /* XCRemoteSwiftPackageReference "OpenAISwift" */,
				66AA7A402AEAA66E00279137 /* XCRemoteSwiftPackageReference "OpenAIKit" */,
				66AA7A432AEAA67700279137 /* XCRemoteSwiftPackageReference "Alamofire" */,
				66AA7A462AEAA6F800279137 /* XCRemoteSwiftPackageReference "firebase-ios-sdk" */,
				6654E4BC2AF2718F0070C944 /* XCRemoteSwiftPackageReference "SkeletonView" */,
			);
			productRefGroup = 66BED80E2AAF48E300D5664B /* Products */;
			projectDirPath = "";
			projectRoot = "";
			targets = (
				66BED80C2AAF48E300D5664B /* WhichFood */,
				66BED8222AAF48E400D5664B /* WhichFoodTests */,
				66BED82C2AAF48E400D5664B /* WhichFoodUITests */,
			);
		};
/* End PBXProject section */

/* Begin PBXResourcesBuildPhase section */
		66BED80B2AAF48E300D5664B /* Resources */ = {
			isa = PBXResourcesBuildPhase;
			buildActionMask = 2147483647;
			files = (
				669EE85B2AF9380400D0E72B /* Localizable.strings in Resources */,
				665F4ADC2AF6604E000385ED /* OpenSans-Italic-VariableFont_wdth,wght.ttf in Resources */,
				66BED81A2AAF48E400D5664B /* Assets.xcassets in Resources */,
				66BEA4992AB04E270046491C /* GoogleService-Info.plist in Resources */,
				663A4AD12B11F2D9003FE35C /* Montserrat-VariableFont_wght.ttf in Resources */,
				662C7F532B1CD9C00025DCC1 /* Storyboard.storyboard in Resources */,
				665F4ADB2AF6604E000385ED /* OpenSans-VariableFont_wdth,wght.ttf in Resources */,
			);
			runOnlyForDeploymentPostprocessing = 0;
		};
		66BED8212AAF48E400D5664B /* Resources */ = {
			isa = PBXResourcesBuildPhase;
			buildActionMask = 2147483647;
			files = (
			);
			runOnlyForDeploymentPostprocessing = 0;
		};
		66BED82B2AAF48E400D5664B /* Resources */ = {
			isa = PBXResourcesBuildPhase;
			buildActionMask = 2147483647;
			files = (
			);
			runOnlyForDeploymentPostprocessing = 0;
		};
/* End PBXResourcesBuildPhase section */

/* Begin PBXSourcesBuildPhase section */
		66BED8092AAF48E300D5664B /* Sources */ = {
			isa = PBXSourcesBuildPhase;
			buildActionMask = 2147483647;
			files = (
				668909D02B8E25E600B75679 /* AlertContainerView.swift in Sources */,
				6605441F2AE935A000124946 /* UIOnboardingHelper.swift in Sources */,
				66D327CB2B0617D300330C03 /* FontSize.swift in Sources */,
				668909CC2B8E258C00B75679 /* SecondaryTitleLabel.swift in Sources */,
				66990E4F2AAFD40F00C6A45D /* LocaleKeys.swift in Sources */,
				668909B62B8DFDBA00B75679 /* CapsuleButton.swift in Sources */,
				662AEE042AFE4B61003E3F69 /* AccountViewController.swift in Sources */,
				66A39ED32AB26827005ED414 /* Constants.swift in Sources */,
				6655C7C62AB47EB700692F56 /* User.swift in Sources */,
				6606D2402ABDA2A700CC503A /* DetailRecipeViewModel.swift in Sources */,
				66FAFE6F2AB0886C00ACB118 /* ShowFoodVC.swift in Sources */,
				665D78562AF1107200F83B13 /* SplashScreenVC.swift in Sources */,
				66C42B522B1E7E0200BE3FF0 /* ImageToTextViewModel.swift in Sources */,
				669CD2632B1DFCC700A8CE65 /* ImageToTextManager.swift in Sources */,
				6648FE292AB46BC000FD11CD /* HomeViewModel.swift in Sources */,
				6665B7BD2AC3062F004A4892 /* SettingsViewModel.swift in Sources */,
				66FAFE6C2AB0757500ACB118 /* CustomCell.swift in Sources */,
				668909C82B8E253100B75679 /* TitleLabel.swift in Sources */,
				66521D3B2AE55934009FA144 /* PremiumViewModel.swift in Sources */,
				66FDC52F2AB6014A00DD8027 /* DetailRecipeVC.swift in Sources */,
				663E58E22AC5D4AA003C6D3B /* PremiumTableViewCell.swift in Sources */,
				6614B96F2AF3FC6600823C95 /* DetailRecipeBuilder.swift in Sources */,
				66FAFE682AB0594500ACB118 /* SelectFoodViewController.swift in Sources */,
				6655C7C82AB480ED00692F56 /* RecipeCell.swift in Sources */,
				66EB5A972AF4EFCA00E1E749 /* ThemeMode.swift in Sources */,
				6600D2F52ABAE2DA005E7EAF /* CategoryModel.swift in Sources */,
				66C42B502B1E7DC600BE3FF0 /* ImageToTextVC.swift in Sources */,
				66990E4A2AAFD3E200C6A45D /* Icons.swift in Sources */,
				669CD2652B1DFD4500A8CE65 /* ImageToTextModel.swift in Sources */,
				665F4ADE2AF682EC000385ED /* ThemeFont.swift in Sources */,
				668909CA2B8E257900B75679 /* BodyLabel.swift in Sources */,
				66A39ECF2AB265BA005ED414 /* ShowFoodViewModel.swift in Sources */,
				662C7F512B1CC3C40025DCC1 /* TabBarController.swift in Sources */,
				668909D22B8E265600B75679 /* Date+Ext.swift in Sources */,
				66DDD3462AFF8190006A3256 /* SplashViewModel.swift in Sources */,
				668909D92B8E2F5100B75679 /* UIButton+Ext.swift in Sources */,
				66BED8112AAF48E300D5664B /* AppDelegate.swift in Sources */,
				66FAFE712AB08C8F00ACB118 /* SelectFoodViewModel.swift in Sources */,
				667CD8382AC395DD00540C48 /* PremiumVC.swift in Sources */,
				662AEE062AFE4B6D003E3F69 /* AccountViewModel.swift in Sources */,
				668909C52B8E250200B75679 /* EmptyStateView.swift in Sources */,
				6648FE2D2AB46D1400FD11CD /* Recipe.swift in Sources */,
				6606D2432ABDD3DD00CC503A /* SettingsVC.swift in Sources */,
				668909D42B8E270000B75679 /* UIColor+Ext.swift in Sources */,
				6648FE2B2AB46C8B00FD11CD /* SavedRecipesManager.swift in Sources */,
				668909C22B8E248C00B75679 /* DataLoadingVC.swift in Sources */,
				668909D72B8E2F1200B75679 /* CategoryButtonCell.swift in Sources */,
				662AEE0A2AFE5030003E3F69 /* UserManager.swift in Sources */,
				66891BBC2AB9E8CE002A3F68 /* SelectCategoryVC.swift in Sources */,
				668909CE2B8E25B400B75679 /* CustomButton.swift in Sources */,
				668909C02B8E248200B75679 /* AlertVC.swift in Sources */,
				66891BBE2AB9E8DB002A3F68 /* SelectCategoryViewModel.swift in Sources */,
				668909BC2B8E244100B75679 /* UIImage+Ext.swift in Sources */,
				6605441A2AE9352800124946 /* OnboardingVC.swift in Sources */,
				66551D5B2AC431EC006BEBDE /* ThemeColors.swift in Sources */,
				6665B7BF2AC30C54004A4892 /* SettingsTableViewCell.swift in Sources */,
				66861AC12AB1949400C44018 /* Extensions.swift in Sources */,
				663112D62B01FB8D00940DDC /* KeychainManager.swift in Sources */,
				66BED8132AAF48E300D5664B /* SceneDelegate.swift in Sources */,
				662AEE082AFE4C11003E3F69 /* AccountTableViewCell.swift in Sources */,
				66FAFE6A2AB0677800ACB118 /* Foods.swift in Sources */,
				668909BA2B8E242000B75679 /* UIView+Ext.swift in Sources */,
				668909B82B8E23E000B75679 /* Array+Ext.swift in Sources */,
				66CEA75C2B0A1C0A00237C13 /* ChatGptResponseModel.swift in Sources */,
				66BED8422AAF499500D5664B /* HomeViewController.swift in Sources */,
			);
			runOnlyForDeploymentPostprocessing = 0;
		};
		66BED81F2AAF48E400D5664B /* Sources */ = {
			isa = PBXSourcesBuildPhase;
			buildActionMask = 2147483647;
			files = (
				66BED8282AAF48E400D5664B /* WhichFoodTests.swift in Sources */,
				660C755F2B1878E900C587BC /* RecipeManagerTest.swift in Sources */,
			);
			runOnlyForDeploymentPostprocessing = 0;
		};
		66BED8292AAF48E400D5664B /* Sources */ = {
			isa = PBXSourcesBuildPhase;
			buildActionMask = 2147483647;
			files = (
				66BED8342AAF48E400D5664B /* WhichFoodUITestsLaunchTests.swift in Sources */,
				66BED8322AAF48E400D5664B /* WhichFoodUITests.swift in Sources */,
			);
			runOnlyForDeploymentPostprocessing = 0;
		};
/* End PBXSourcesBuildPhase section */

/* Begin PBXTargetDependency section */
		66BED8252AAF48E400D5664B /* PBXTargetDependency */ = {
			isa = PBXTargetDependency;
			target = 66BED80C2AAF48E300D5664B /* WhichFood */;
			targetProxy = 66BED8242AAF48E400D5664B /* PBXContainerItemProxy */;
		};
		66BED82F2AAF48E400D5664B /* PBXTargetDependency */ = {
			isa = PBXTargetDependency;
			target = 66BED80C2AAF48E300D5664B /* WhichFood */;
			targetProxy = 66BED82E2AAF48E400D5664B /* PBXContainerItemProxy */;
		};
/* End PBXTargetDependency section */

/* Begin PBXVariantGroup section */
		669EE85D2AF9380400D0E72B /* Localizable.strings */ = {
			isa = PBXVariantGroup;
			children = (
				669EE85C2AF9380400D0E72B /* en */,
				669EE85E2AF9386800D0E72B /* cs */,
				669EE8602AF938A400D0E72B /* it */,
				669EE8622AF9392800D0E72B /* tr */,
				669EE8672AF93A7100D0E72B /* de */,
				661306962AFA21E900942A82 /* es */,
				661306972AFA220000942A82 /* fr */,
				661306982AFA220800942A82 /* ru */,
				66CE44FC2B476C7F0006881C /* ar */,
				66CE44FD2B476CB00006881C /* fa-IR */,
			);
			name = Localizable.strings;
			sourceTree = "<group>";
		};
/* End PBXVariantGroup section */

/* Begin XCBuildConfiguration section */
		66BED8352AAF48E400D5664B /* Debug */ = {
			isa = XCBuildConfiguration;
			buildSettings = {
				ALWAYS_SEARCH_USER_PATHS = NO;
				ASSETCATALOG_COMPILER_GENERATE_SWIFT_ASSET_SYMBOL_EXTENSIONS = YES;
				CLANG_ANALYZER_LOCALIZABILITY_NONLOCALIZED = YES;
				CLANG_ANALYZER_NONNULL = YES;
				CLANG_ANALYZER_NUMBER_OBJECT_CONVERSION = YES_AGGRESSIVE;
				CLANG_CXX_LANGUAGE_STANDARD = "gnu++20";
				CLANG_ENABLE_MODULES = YES;
				CLANG_ENABLE_OBJC_ARC = YES;
				CLANG_ENABLE_OBJC_WEAK = YES;
				CLANG_WARN_BLOCK_CAPTURE_AUTORELEASING = YES;
				CLANG_WARN_BOOL_CONVERSION = YES;
				CLANG_WARN_COMMA = YES;
				CLANG_WARN_CONSTANT_CONVERSION = YES;
				CLANG_WARN_DEPRECATED_OBJC_IMPLEMENTATIONS = YES;
				CLANG_WARN_DIRECT_OBJC_ISA_USAGE = YES_ERROR;
				CLANG_WARN_DOCUMENTATION_COMMENTS = YES;
				CLANG_WARN_EMPTY_BODY = YES;
				CLANG_WARN_ENUM_CONVERSION = YES;
				CLANG_WARN_INFINITE_RECURSION = YES;
				CLANG_WARN_INT_CONVERSION = YES;
				CLANG_WARN_NON_LITERAL_NULL_CONVERSION = YES;
				CLANG_WARN_OBJC_IMPLICIT_RETAIN_SELF = YES;
				CLANG_WARN_OBJC_LITERAL_CONVERSION = YES;
				CLANG_WARN_OBJC_ROOT_CLASS = YES_ERROR;
				CLANG_WARN_QUOTED_INCLUDE_IN_FRAMEWORK_HEADER = YES;
				CLANG_WARN_RANGE_LOOP_ANALYSIS = YES;
				CLANG_WARN_STRICT_PROTOTYPES = YES;
				CLANG_WARN_SUSPICIOUS_MOVE = YES;
				CLANG_WARN_UNGUARDED_AVAILABILITY = YES_AGGRESSIVE;
				CLANG_WARN_UNREACHABLE_CODE = YES;
				CLANG_WARN__DUPLICATE_METHOD_MATCH = YES;
				COPY_PHASE_STRIP = NO;
				DEBUG_INFORMATION_FORMAT = dwarf;
				ENABLE_STRICT_OBJC_MSGSEND = YES;
				ENABLE_TESTABILITY = YES;
				ENABLE_USER_SCRIPT_SANDBOXING = NO;
				GCC_C_LANGUAGE_STANDARD = gnu17;
				GCC_DYNAMIC_NO_PIC = NO;
				GCC_NO_COMMON_BLOCKS = YES;
				GCC_OPTIMIZATION_LEVEL = 0;
				GCC_PREPROCESSOR_DEFINITIONS = (
					"DEBUG=1",
					"$(inherited)",
				);
				GCC_WARN_64_TO_32_BIT_CONVERSION = YES;
				GCC_WARN_ABOUT_RETURN_TYPE = YES_ERROR;
				GCC_WARN_UNDECLARED_SELECTOR = YES;
				GCC_WARN_UNINITIALIZED_AUTOS = YES_AGGRESSIVE;
				GCC_WARN_UNUSED_FUNCTION = YES;
				GCC_WARN_UNUSED_VARIABLE = YES;
				IPHONEOS_DEPLOYMENT_TARGET = 17.0;
				LOCALIZATION_PREFERS_STRING_CATALOGS = YES;
				MTL_ENABLE_DEBUG_INFO = INCLUDE_SOURCE;
				MTL_FAST_MATH = YES;
				ONLY_ACTIVE_ARCH = YES;
				SDKROOT = iphoneos;
				SWIFT_ACTIVE_COMPILATION_CONDITIONS = "DEBUG $(inherited)";
				SWIFT_OPTIMIZATION_LEVEL = "-Onone";
			};
			name = Debug;
		};
		66BED8362AAF48E400D5664B /* Release */ = {
			isa = XCBuildConfiguration;
			buildSettings = {
				ALWAYS_SEARCH_USER_PATHS = NO;
				ASSETCATALOG_COMPILER_GENERATE_SWIFT_ASSET_SYMBOL_EXTENSIONS = YES;
				CLANG_ANALYZER_LOCALIZABILITY_NONLOCALIZED = YES;
				CLANG_ANALYZER_NONNULL = YES;
				CLANG_ANALYZER_NUMBER_OBJECT_CONVERSION = YES_AGGRESSIVE;
				CLANG_CXX_LANGUAGE_STANDARD = "gnu++20";
				CLANG_ENABLE_MODULES = YES;
				CLANG_ENABLE_OBJC_ARC = YES;
				CLANG_ENABLE_OBJC_WEAK = YES;
				CLANG_WARN_BLOCK_CAPTURE_AUTORELEASING = YES;
				CLANG_WARN_BOOL_CONVERSION = YES;
				CLANG_WARN_COMMA = YES;
				CLANG_WARN_CONSTANT_CONVERSION = YES;
				CLANG_WARN_DEPRECATED_OBJC_IMPLEMENTATIONS = YES;
				CLANG_WARN_DIRECT_OBJC_ISA_USAGE = YES_ERROR;
				CLANG_WARN_DOCUMENTATION_COMMENTS = YES;
				CLANG_WARN_EMPTY_BODY = YES;
				CLANG_WARN_ENUM_CONVERSION = YES;
				CLANG_WARN_INFINITE_RECURSION = YES;
				CLANG_WARN_INT_CONVERSION = YES;
				CLANG_WARN_NON_LITERAL_NULL_CONVERSION = YES;
				CLANG_WARN_OBJC_IMPLICIT_RETAIN_SELF = YES;
				CLANG_WARN_OBJC_LITERAL_CONVERSION = YES;
				CLANG_WARN_OBJC_ROOT_CLASS = YES_ERROR;
				CLANG_WARN_QUOTED_INCLUDE_IN_FRAMEWORK_HEADER = YES;
				CLANG_WARN_RANGE_LOOP_ANALYSIS = YES;
				CLANG_WARN_STRICT_PROTOTYPES = YES;
				CLANG_WARN_SUSPICIOUS_MOVE = YES;
				CLANG_WARN_UNGUARDED_AVAILABILITY = YES_AGGRESSIVE;
				CLANG_WARN_UNREACHABLE_CODE = YES;
				CLANG_WARN__DUPLICATE_METHOD_MATCH = YES;
				COPY_PHASE_STRIP = NO;
				DEBUG_INFORMATION_FORMAT = "dwarf-with-dsym";
				ENABLE_NS_ASSERTIONS = NO;
				ENABLE_STRICT_OBJC_MSGSEND = YES;
				ENABLE_USER_SCRIPT_SANDBOXING = NO;
				GCC_C_LANGUAGE_STANDARD = gnu17;
				GCC_NO_COMMON_BLOCKS = YES;
				GCC_WARN_64_TO_32_BIT_CONVERSION = YES;
				GCC_WARN_ABOUT_RETURN_TYPE = YES_ERROR;
				GCC_WARN_UNDECLARED_SELECTOR = YES;
				GCC_WARN_UNINITIALIZED_AUTOS = YES_AGGRESSIVE;
				GCC_WARN_UNUSED_FUNCTION = YES;
				GCC_WARN_UNUSED_VARIABLE = YES;
				IPHONEOS_DEPLOYMENT_TARGET = 17.0;
				LOCALIZATION_PREFERS_STRING_CATALOGS = YES;
				MTL_ENABLE_DEBUG_INFO = NO;
				MTL_FAST_MATH = YES;
				SDKROOT = iphoneos;
				SWIFT_COMPILATION_MODE = wholemodule;
				VALIDATE_PRODUCT = YES;
			};
			name = Release;
		};
		66BED8382AAF48E400D5664B /* Debug */ = {
			isa = XCBuildConfiguration;
			buildSettings = {
				ASSETCATALOG_COMPILER_APPICON_NAME = AppIcon;
				ASSETCATALOG_COMPILER_GLOBAL_ACCENT_COLOR_NAME = AccentColor;
				CODE_SIGN_ENTITLEMENTS = WhichFood/WhichFood.entitlements;
				CODE_SIGN_STYLE = Automatic;
				CURRENT_PROJECT_VERSION = 1;
				DEVELOPMENT_TEAM = UZH69S3QN2;
				GENERATE_INFOPLIST_FILE = YES;
				INFOPLIST_FILE = WhichFood/Info.plist;
				INFOPLIST_KEY_LSApplicationCategoryType = "public.app-category.food-and-drink";
				INFOPLIST_KEY_NSCameraUsageDescription = "We need access to the camera because in order to convert the photo you take into a recipe.";
				INFOPLIST_KEY_UIApplicationSupportsIndirectInputEvents = YES;
				INFOPLIST_KEY_UILaunchStoryboardName = LaunchScreen;
				INFOPLIST_KEY_UIRequiresFullScreen = YES;
				INFOPLIST_KEY_UIStatusBarStyle = "";
				INFOPLIST_KEY_UISupportedInterfaceOrientations = UIInterfaceOrientationPortrait;
				INFOPLIST_KEY_UISupportedInterfaceOrientations_iPad = "UIInterfaceOrientationLandscapeLeft UIInterfaceOrientationLandscapeRight UIInterfaceOrientationPortrait UIInterfaceOrientationPortraitUpsideDown";
				INFOPLIST_KEY_UIUserInterfaceStyle = Dark;
				IPHONEOS_DEPLOYMENT_TARGET = 15.0;
				LD_RUNPATH_SEARCH_PATHS = (
					"$(inherited)",
					"@executable_path/Frameworks",
				);
				MARKETING_VERSION = 1.0.5;
				PRODUCT_BUNDLE_IDENTIFIER = com.metehangurgentepe.WhichFood;
				PRODUCT_NAME = "$(TARGET_NAME)";
				SWIFT_EMIT_LOC_STRINGS = YES;
				SWIFT_VERSION = 5.0;
				TARGETED_DEVICE_FAMILY = "1,2";
			};
			name = Debug;
		};
		66BED8392AAF48E400D5664B /* Release */ = {
			isa = XCBuildConfiguration;
			buildSettings = {
				ASSETCATALOG_COMPILER_APPICON_NAME = AppIcon;
				ASSETCATALOG_COMPILER_GLOBAL_ACCENT_COLOR_NAME = AccentColor;
				CODE_SIGN_ENTITLEMENTS = WhichFood/WhichFood.entitlements;
				CODE_SIGN_STYLE = Automatic;
				CURRENT_PROJECT_VERSION = 1;
				DEVELOPMENT_TEAM = UZH69S3QN2;
				GENERATE_INFOPLIST_FILE = YES;
				INFOPLIST_FILE = WhichFood/Info.plist;
				INFOPLIST_KEY_LSApplicationCategoryType = "public.app-category.food-and-drink";
				INFOPLIST_KEY_NSCameraUsageDescription = "We need access to the camera because in order to convert the photo you take into a recipe.";
				INFOPLIST_KEY_UIApplicationSupportsIndirectInputEvents = YES;
				INFOPLIST_KEY_UILaunchStoryboardName = LaunchScreen;
				INFOPLIST_KEY_UIRequiresFullScreen = YES;
				INFOPLIST_KEY_UIStatusBarStyle = "";
				INFOPLIST_KEY_UISupportedInterfaceOrientations = UIInterfaceOrientationPortrait;
				INFOPLIST_KEY_UISupportedInterfaceOrientations_iPad = "UIInterfaceOrientationLandscapeLeft UIInterfaceOrientationLandscapeRight UIInterfaceOrientationPortrait UIInterfaceOrientationPortraitUpsideDown";
				INFOPLIST_KEY_UIUserInterfaceStyle = Dark;
				IPHONEOS_DEPLOYMENT_TARGET = 15.0;
				LD_RUNPATH_SEARCH_PATHS = (
					"$(inherited)",
					"@executable_path/Frameworks",
				);
				MARKETING_VERSION = 1.0.5;
				PRODUCT_BUNDLE_IDENTIFIER = com.metehangurgentepe.WhichFood;
				PRODUCT_NAME = "$(TARGET_NAME)";
				SWIFT_EMIT_LOC_STRINGS = YES;
				SWIFT_VERSION = 5.0;
				TARGETED_DEVICE_FAMILY = "1,2";
			};
			name = Release;
		};
		66BED83B2AAF48E400D5664B /* Debug */ = {
			isa = XCBuildConfiguration;
			buildSettings = {
				ALWAYS_EMBED_SWIFT_STANDARD_LIBRARIES = YES;
				BUNDLE_LOADER = "$(TEST_HOST)";
				CODE_SIGN_STYLE = Automatic;
				CURRENT_PROJECT_VERSION = 1;
				DEVELOPMENT_TEAM = B267974TT7;
				GENERATE_INFOPLIST_FILE = YES;
				IPHONEOS_DEPLOYMENT_TARGET = 17.0;
				MARKETING_VERSION = 1.0;
				PRODUCT_BUNDLE_IDENTIFIER = com.metehangurgentepe.WhichFoodTests;
				PRODUCT_NAME = "$(TARGET_NAME)";
				SWIFT_EMIT_LOC_STRINGS = NO;
				SWIFT_VERSION = 5.0;
				TARGETED_DEVICE_FAMILY = "1,2";
				TEST_HOST = "$(BUILT_PRODUCTS_DIR)/WhichFood.app/$(BUNDLE_EXECUTABLE_FOLDER_PATH)/WhichFood";
			};
			name = Debug;
		};
		66BED83C2AAF48E400D5664B /* Release */ = {
			isa = XCBuildConfiguration;
			buildSettings = {
				ALWAYS_EMBED_SWIFT_STANDARD_LIBRARIES = YES;
				BUNDLE_LOADER = "$(TEST_HOST)";
				CODE_SIGN_STYLE = Automatic;
				CURRENT_PROJECT_VERSION = 1;
				DEVELOPMENT_TEAM = B267974TT7;
				GENERATE_INFOPLIST_FILE = YES;
				IPHONEOS_DEPLOYMENT_TARGET = 17.0;
				MARKETING_VERSION = 1.0;
				PRODUCT_BUNDLE_IDENTIFIER = com.metehangurgentepe.WhichFoodTests;
				PRODUCT_NAME = "$(TARGET_NAME)";
				SWIFT_EMIT_LOC_STRINGS = NO;
				SWIFT_VERSION = 5.0;
				TARGETED_DEVICE_FAMILY = "1,2";
				TEST_HOST = "$(BUILT_PRODUCTS_DIR)/WhichFood.app/$(BUNDLE_EXECUTABLE_FOLDER_PATH)/WhichFood";
			};
			name = Release;
		};
		66BED83E2AAF48E400D5664B /* Debug */ = {
			isa = XCBuildConfiguration;
			buildSettings = {
				ALWAYS_EMBED_SWIFT_STANDARD_LIBRARIES = YES;
				CODE_SIGN_STYLE = Automatic;
				CURRENT_PROJECT_VERSION = 1;
				DEVELOPMENT_TEAM = B267974TT7;
				GENERATE_INFOPLIST_FILE = YES;
				MARKETING_VERSION = 1.0;
				PRODUCT_BUNDLE_IDENTIFIER = com.metehangurgentepe.WhichFoodUITests;
				PRODUCT_NAME = "$(TARGET_NAME)";
				SWIFT_EMIT_LOC_STRINGS = NO;
				SWIFT_VERSION = 5.0;
				TARGETED_DEVICE_FAMILY = "1,2";
				TEST_TARGET_NAME = WhichFood;
			};
			name = Debug;
		};
		66BED83F2AAF48E400D5664B /* Release */ = {
			isa = XCBuildConfiguration;
			buildSettings = {
				ALWAYS_EMBED_SWIFT_STANDARD_LIBRARIES = YES;
				CODE_SIGN_STYLE = Automatic;
				CURRENT_PROJECT_VERSION = 1;
				DEVELOPMENT_TEAM = B267974TT7;
				GENERATE_INFOPLIST_FILE = YES;
				MARKETING_VERSION = 1.0;
				PRODUCT_BUNDLE_IDENTIFIER = com.metehangurgentepe.WhichFoodUITests;
				PRODUCT_NAME = "$(TARGET_NAME)";
				SWIFT_EMIT_LOC_STRINGS = NO;
				SWIFT_VERSION = 5.0;
				TARGETED_DEVICE_FAMILY = "1,2";
				TEST_TARGET_NAME = WhichFood;
			};
			name = Release;
		};
/* End XCBuildConfiguration section */

/* Begin XCConfigurationList section */
		66BED8082AAF48E300D5664B /* Build configuration list for PBXProject "WhichFood" */ = {
			isa = XCConfigurationList;
			buildConfigurations = (
				66BED8352AAF48E400D5664B /* Debug */,
				66BED8362AAF48E400D5664B /* Release */,
			);
			defaultConfigurationIsVisible = 0;
			defaultConfigurationName = Release;
		};
		66BED8372AAF48E400D5664B /* Build configuration list for PBXNativeTarget "WhichFood" */ = {
			isa = XCConfigurationList;
			buildConfigurations = (
				66BED8382AAF48E400D5664B /* Debug */,
				66BED8392AAF48E400D5664B /* Release */,
			);
			defaultConfigurationIsVisible = 0;
			defaultConfigurationName = Release;
		};
		66BED83A2AAF48E400D5664B /* Build configuration list for PBXNativeTarget "WhichFoodTests" */ = {
			isa = XCConfigurationList;
			buildConfigurations = (
				66BED83B2AAF48E400D5664B /* Debug */,
				66BED83C2AAF48E400D5664B /* Release */,
			);
			defaultConfigurationIsVisible = 0;
			defaultConfigurationName = Release;
		};
		66BED83D2AAF48E400D5664B /* Build configuration list for PBXNativeTarget "WhichFoodUITests" */ = {
			isa = XCConfigurationList;
			buildConfigurations = (
				66BED83E2AAF48E400D5664B /* Debug */,
				66BED83F2AAF48E400D5664B /* Release */,
			);
			defaultConfigurationIsVisible = 0;
			defaultConfigurationName = Release;
		};
/* End XCConfigurationList section */

/* Begin XCRemoteSwiftPackageReference section */
		6605441B2AE9356200124946 /* XCRemoteSwiftPackageReference "UIOnboarding" */ = {
			isa = XCRemoteSwiftPackageReference;
			repositoryURL = "https://github.com/lascic/UIOnboarding";
			requirement = {
				kind = upToNextMajorVersion;
				minimumVersion = 2.0.3;
			};
		};
		6654E4BC2AF2718F0070C944 /* XCRemoteSwiftPackageReference "SkeletonView" */ = {
			isa = XCRemoteSwiftPackageReference;
			repositoryURL = "https://github.com/Juanpe/SkeletonView.git";
			requirement = {
				kind = upToNextMajorVersion;
				minimumVersion = 1.30.4;
			};
		};
		66AA7A3A2AEAA64900279137 /* XCRemoteSwiftPackageReference "purchases-ios" */ = {
			isa = XCRemoteSwiftPackageReference;
			repositoryURL = "https://github.com/RevenueCat/purchases-ios.git";
			requirement = {
				kind = upToNextMajorVersion;
				minimumVersion = 4.0.0;
			};
		};
		66AA7A3D2AEAA66600279137 /* XCRemoteSwiftPackageReference "OpenAISwift" */ = {
			isa = XCRemoteSwiftPackageReference;
			repositoryURL = "https://github.com/adamrushy/OpenAISwift.git";
			requirement = {
				kind = upToNextMajorVersion;
				minimumVersion = 1.4.1;
			};
		};
		66AA7A402AEAA66E00279137 /* XCRemoteSwiftPackageReference "OpenAIKit" */ = {
			isa = XCRemoteSwiftPackageReference;
			repositoryURL = "https://github.com/marcodotio/OpenAIKit.git";
			requirement = {
				kind = upToNextMajorVersion;
				minimumVersion = 1.2.0;
			};
		};
		66AA7A432AEAA67700279137 /* XCRemoteSwiftPackageReference "Alamofire" */ = {
			isa = XCRemoteSwiftPackageReference;
			repositoryURL = "https://github.com/Alamofire/Alamofire.git";
			requirement = {
				kind = upToNextMajorVersion;
				minimumVersion = 5.8.0;
			};
		};
		66AA7A462AEAA6F800279137 /* XCRemoteSwiftPackageReference "firebase-ios-sdk" */ = {
			isa = XCRemoteSwiftPackageReference;
			repositoryURL = "https://github.com/firebase/firebase-ios-sdk.git";
			requirement = {
				kind = upToNextMajorVersion;
				minimumVersion = 10.16.0;
			};
		};
/* End XCRemoteSwiftPackageReference section */

/* Begin XCSwiftPackageProductDependency section */
		6605441C2AE9356200124946 /* UIOnboarding */ = {
			isa = XCSwiftPackageProductDependency;
			package = 6605441B2AE9356200124946 /* XCRemoteSwiftPackageReference "UIOnboarding" */;
			productName = UIOnboarding;
		};
		6654E4BD2AF2718F0070C944 /* SkeletonView */ = {
			isa = XCSwiftPackageProductDependency;
			package = 6654E4BC2AF2718F0070C944 /* XCRemoteSwiftPackageReference "SkeletonView" */;
			productName = SkeletonView;
		};
		66AA7A3B2AEAA64900279137 /* RevenueCat */ = {
			isa = XCSwiftPackageProductDependency;
			package = 66AA7A3A2AEAA64900279137 /* XCRemoteSwiftPackageReference "purchases-ios" */;
			productName = RevenueCat;
		};
		66AA7A3E2AEAA66600279137 /* OpenAISwift */ = {
			isa = XCSwiftPackageProductDependency;
			package = 66AA7A3D2AEAA66600279137 /* XCRemoteSwiftPackageReference "OpenAISwift" */;
			productName = OpenAISwift;
		};
		66AA7A412AEAA66E00279137 /* OpenAIKit */ = {
			isa = XCSwiftPackageProductDependency;
			package = 66AA7A402AEAA66E00279137 /* XCRemoteSwiftPackageReference "OpenAIKit" */;
			productName = OpenAIKit;
		};
		66AA7A442AEAA67700279137 /* Alamofire */ = {
			isa = XCSwiftPackageProductDependency;
			package = 66AA7A432AEAA67700279137 /* XCRemoteSwiftPackageReference "Alamofire" */;
			productName = Alamofire;
		};
		66AA7A472AEAA6F800279137 /* FirebaseAnalytics */ = {
			isa = XCSwiftPackageProductDependency;
			package = 66AA7A462AEAA6F800279137 /* XCRemoteSwiftPackageReference "firebase-ios-sdk" */;
			productName = FirebaseAnalytics;
		};
		66AA7A492AEAA6F800279137 /* FirebaseAnalyticsSwift */ = {
			isa = XCSwiftPackageProductDependency;
			package = 66AA7A462AEAA6F800279137 /* XCRemoteSwiftPackageReference "firebase-ios-sdk" */;
			productName = FirebaseAnalyticsSwift;
		};
		66AA7A4B2AEAA6F800279137 /* FirebaseAppCheck */ = {
			isa = XCSwiftPackageProductDependency;
			package = 66AA7A462AEAA6F800279137 /* XCRemoteSwiftPackageReference "firebase-ios-sdk" */;
			productName = FirebaseAppCheck;
		};
		66AA7A4D2AEAA6F800279137 /* FirebaseAuth */ = {
			isa = XCSwiftPackageProductDependency;
			package = 66AA7A462AEAA6F800279137 /* XCRemoteSwiftPackageReference "firebase-ios-sdk" */;
			productName = FirebaseAuth;
		};
		66AA7A4F2AEAA6F800279137 /* FirebaseAuthCombine-Community */ = {
			isa = XCSwiftPackageProductDependency;
			package = 66AA7A462AEAA6F800279137 /* XCRemoteSwiftPackageReference "firebase-ios-sdk" */;
			productName = "FirebaseAuthCombine-Community";
		};
		66AA7A512AEAA6F800279137 /* FirebaseCrashlytics */ = {
			isa = XCSwiftPackageProductDependency;
			package = 66AA7A462AEAA6F800279137 /* XCRemoteSwiftPackageReference "firebase-ios-sdk" */;
			productName = FirebaseCrashlytics;
		};
		66AA7A532AEAA6F800279137 /* FirebaseDatabase */ = {
			isa = XCSwiftPackageProductDependency;
			package = 66AA7A462AEAA6F800279137 /* XCRemoteSwiftPackageReference "firebase-ios-sdk" */;
			productName = FirebaseDatabase;
		};
		66AA7A552AEAA6F800279137 /* FirebaseDatabaseSwift */ = {
			isa = XCSwiftPackageProductDependency;
			package = 66AA7A462AEAA6F800279137 /* XCRemoteSwiftPackageReference "firebase-ios-sdk" */;
			productName = FirebaseDatabaseSwift;
		};
		66AA7A572AEAA6F800279137 /* FirebaseFirestore */ = {
			isa = XCSwiftPackageProductDependency;
			package = 66AA7A462AEAA6F800279137 /* XCRemoteSwiftPackageReference "firebase-ios-sdk" */;
			productName = FirebaseFirestore;
		};
		66AA7A592AEAA6F800279137 /* FirebaseFirestoreSwift */ = {
			isa = XCSwiftPackageProductDependency;
			package = 66AA7A462AEAA6F800279137 /* XCRemoteSwiftPackageReference "firebase-ios-sdk" */;
			productName = FirebaseFirestoreSwift;
		};
		66AA7A5B2AEAA6F800279137 /* FirebaseFunctions */ = {
			isa = XCSwiftPackageProductDependency;
			package = 66AA7A462AEAA6F800279137 /* XCRemoteSwiftPackageReference "firebase-ios-sdk" */;
			productName = FirebaseFunctions;
		};
		66AA7A5D2AEAA6F800279137 /* FirebaseInAppMessaging-Beta */ = {
			isa = XCSwiftPackageProductDependency;
			package = 66AA7A462AEAA6F800279137 /* XCRemoteSwiftPackageReference "firebase-ios-sdk" */;
			productName = "FirebaseInAppMessaging-Beta";
		};
		66AA7A5F2AEAA6F800279137 /* FirebaseMessaging */ = {
			isa = XCSwiftPackageProductDependency;
			package = 66AA7A462AEAA6F800279137 /* XCRemoteSwiftPackageReference "firebase-ios-sdk" */;
			productName = FirebaseMessaging;
		};
		66AA7A612AEAA6F800279137 /* FirebasePerformance */ = {
			isa = XCSwiftPackageProductDependency;
			package = 66AA7A462AEAA6F800279137 /* XCRemoteSwiftPackageReference "firebase-ios-sdk" */;
			productName = FirebasePerformance;
		};
		66AA7A632AEAA6F800279137 /* FirebaseRemoteConfig */ = {
			isa = XCSwiftPackageProductDependency;
			package = 66AA7A462AEAA6F800279137 /* XCRemoteSwiftPackageReference "firebase-ios-sdk" */;
			productName = FirebaseRemoteConfig;
		};
		66AA7A652AEAA6F800279137 /* FirebaseRemoteConfigSwift */ = {
			isa = XCSwiftPackageProductDependency;
			package = 66AA7A462AEAA6F800279137 /* XCRemoteSwiftPackageReference "firebase-ios-sdk" */;
			productName = FirebaseRemoteConfigSwift;
		};
		66AA7A672AEAA6F800279137 /* FirebaseStorage */ = {
			isa = XCSwiftPackageProductDependency;
			package = 66AA7A462AEAA6F800279137 /* XCRemoteSwiftPackageReference "firebase-ios-sdk" */;
			productName = FirebaseStorage;
		};
/* End XCSwiftPackageProductDependency section */
	};
	rootObject = 66BED8052AAF48E300D5664B /* Project object */;
}
